// !$*UTF8*$!
{
	archiveVersion = 1;
	classes = {
	};
	objectVersion = 46;
	objects = {

/* Begin PBXBuildFile section */
		BD1767511950AB510000F482 /* Foundation.framework in Frameworks */ = {isa = PBXBuildFile; fileRef = BD1767501950AB510000F482 /* Foundation.framework */; };
		BD1767531950AB510000F482 /* CoreGraphics.framework in Frameworks */ = {isa = PBXBuildFile; fileRef = BD1767521950AB510000F482 /* CoreGraphics.framework */; };
		BD1767551950AB510000F482 /* UIKit.framework in Frameworks */ = {isa = PBXBuildFile; fileRef = BD1767541950AB510000F482 /* UIKit.framework */; };
		BD17675B1950AB510000F482 /* InfoPlist.strings in Resources */ = {isa = PBXBuildFile; fileRef = BD1767591950AB510000F482 /* InfoPlist.strings */; };
		BD17675D1950AB510000F482 /* main.m in Sources */ = {isa = PBXBuildFile; fileRef = BD17675C1950AB510000F482 /* main.m */; };
		BD1767611950AB510000F482 /* AppDelegate.m in Sources */ = {isa = PBXBuildFile; fileRef = BD1767601950AB510000F482 /* AppDelegate.m */; };
		BD1767631950AB510000F482 /* Images.xcassets in Resources */ = {isa = PBXBuildFile; fileRef = BD1767621950AB510000F482 /* Images.xcassets */; };
		BD17676A1950AB510000F482 /* XCTest.framework in Frameworks */ = {isa = PBXBuildFile; fileRef = BD1767691950AB510000F482 /* XCTest.framework */; };
		BD17676B1950AB510000F482 /* Foundation.framework in Frameworks */ = {isa = PBXBuildFile; fileRef = BD1767501950AB510000F482 /* Foundation.framework */; };
		BD17676C1950AB510000F482 /* UIKit.framework in Frameworks */ = {isa = PBXBuildFile; fileRef = BD1767541950AB510000F482 /* UIKit.framework */; };
		BD1767741950AB510000F482 /* InfoPlist.strings in Resources */ = {isa = PBXBuildFile; fileRef = BD1767721950AB510000F482 /* InfoPlist.strings */; };
		BD1767761950AB510000F482 /* Shuffle_CardsTests.m in Sources */ = {isa = PBXBuildFile; fileRef = BD1767751950AB510000F482 /* Shuffle_CardsTests.m */; };
		BD1767811950AB7F0000F482 /* Card.m in Sources */ = {isa = PBXBuildFile; fileRef = BD1767801950AB7F0000F482 /* Card.m */; };
/* End PBXBuildFile section */

/* Begin PBXContainerItemProxy section */
		BD17676D1950AB510000F482 /* PBXContainerItemProxy */ = {
			isa = PBXContainerItemProxy;
			containerPortal = BD1767451950AB510000F482 /* Project object */;
			proxyType = 1;
			remoteGlobalIDString = BD17674C1950AB510000F482;
			remoteInfo = "Shuffle Cards";
		};
/* End PBXContainerItemProxy section */

/* Begin PBXFileReference section */
		BD17674D1950AB510000F482 /* Shuffle Cards.app */ = {isa = PBXFileReference; explicitFileType = wrapper.application; includeInIndex = 0; path = "Shuffle Cards.app"; sourceTree = BUILT_PRODUCTS_DIR; };
		BD1767501950AB510000F482 /* Foundation.framework */ = {isa = PBXFileReference; lastKnownFileType = wrapper.framework; name = Foundation.framework; path = System/Library/Frameworks/Foundation.framework; sourceTree = SDKROOT; };
		BD1767521950AB510000F482 /* CoreGraphics.framework */ = {isa = PBXFileReference; lastKnownFileType = wrapper.framework; name = CoreGraphics.framework; path = System/Library/Frameworks/CoreGraphics.framework; sourceTree = SDKROOT; };
		BD1767541950AB510000F482 /* UIKit.framework */ = {isa = PBXFileReference; lastKnownFileType = wrapper.framework; name = UIKit.framework; path = System/Library/Frameworks/UIKit.framework; sourceTree = SDKROOT; };
		BD1767581950AB510000F482 /* Shuffle Cards-Info.plist */ = {isa = PBXFileReference; lastKnownFileType = text.plist.xml; path = "Shuffle Cards-Info.plist"; sourceTree = "<group>"; };
		BD17675A1950AB510000F482 /* en */ = {isa = PBXFileReference; lastKnownFileType = text.plist.strings; name = en; path = en.lproj/InfoPlist.strings; sourceTree = "<group>"; };
		BD17675C1950AB510000F482 /* main.m */ = {isa = PBXFileReference; lastKnownFileType = sourcecode.c.objc; path = main.m; sourceTree = "<group>"; };
		BD17675E1950AB510000F482 /* Shuffle Cards-Prefix.pch */ = {isa = PBXFileReference; lastKnownFileType = sourcecode.c.h; path = "Shuffle Cards-Prefix.pch"; sourceTree = "<group>"; };
		BD17675F1950AB510000F482 /* AppDelegate.h */ = {isa = PBXFileReference; lastKnownFileType = sourcecode.c.h; path = AppDelegate.h; sourceTree = "<group>"; };
		BD1767601950AB510000F482 /* AppDelegate.m */ = {isa = PBXFileReference; lastKnownFileType = sourcecode.c.objc; path = AppDelegate.m; sourceTree = "<group>"; };
		BD1767621950AB510000F482 /* Images.xcassets */ = {isa = PBXFileReference; lastKnownFileType = folder.assetcatalog; path = Images.xcassets; sourceTree = "<group>"; };
		BD1767681950AB510000F482 /* Shuffle CardsTests.xctest */ = {isa = PBXFileReference; explicitFileType = wrapper.cfbundle; includeInIndex = 0; path = "Shuffle CardsTests.xctest"; sourceTree = BUILT_PRODUCTS_DIR; };
		BD1767691950AB510000F482 /* XCTest.framework */ = {isa = PBXFileReference; lastKnownFileType = wrapper.framework; name = XCTest.framework; path = Library/Frameworks/XCTest.framework; sourceTree = DEVELOPER_DIR; };
		BD1767711950AB510000F482 /* Shuffle CardsTests-Info.plist */ = {isa = PBXFileReference; lastKnownFileType = text.plist.xml; path = "Shuffle CardsTests-Info.plist"; sourceTree = "<group>"; };
		BD1767731950AB510000F482 /* en */ = {isa = PBXFileReference; lastKnownFileType = text.plist.strings; name = en; path = en.lproj/InfoPlist.strings; sourceTree = "<group>"; };
		BD1767751950AB510000F482 /* Shuffle_CardsTests.m */ = {isa = PBXFileReference; lastKnownFileType = sourcecode.c.objc; path = Shuffle_CardsTests.m; sourceTree = "<group>"; };
		BD17677F1950AB7F0000F482 /* Card.h */ = {isa = PBXFileReference; fileEncoding = 4; lastKnownFileType = sourcecode.c.h; path = Card.h; sourceTree = "<group>"; };
		BD1767801950AB7F0000F482 /* Card.m */ = {isa = PBXFileReference; fileEncoding = 4; lastKnownFileType = sourcecode.c.objc; path = Card.m; sourceTree = "<group>"; };
/* End PBXFileReference section */

/* Begin PBXFrameworksBuildPhase section */
		BD17674A1950AB510000F482 /* Frameworks */ = {
			isa = PBXFrameworksBuildPhase;
			buildActionMask = 2147483647;
			files = (
				BD1767531950AB510000F482 /* CoreGraphics.framework in Frameworks */,
				BD1767551950AB510000F482 /* UIKit.framework in Frameworks */,
				BD1767511950AB510000F482 /* Foundation.framework in Frameworks */,
			);
			runOnlyForDeploymentPostprocessing = 0;
		};
		BD1767651950AB510000F482 /* Frameworks */ = {
			isa = PBXFrameworksBuildPhase;
			buildActionMask = 2147483647;
			files = (
				BD17676A1950AB510000F482 /* XCTest.framework in Frameworks */,
				BD17676C1950AB510000F482 /* UIKit.framework in Frameworks */,
				BD17676B1950AB510000F482 /* Foundation.framework in Frameworks */,
			);
			runOnlyForDeploymentPostprocessing = 0;
		};
/* End PBXFrameworksBuildPhase section */

/* Begin PBXGroup section */
		BD1767441950AB510000F482 = {
			isa = PBXGroup;
			children = (
				BD1767561950AB510000F482 /* Shuffle Cards */,
				BD17676F1950AB510000F482 /* Shuffle CardsTests */,
				BD17674F1950AB510000F482 /* Frameworks */,
				BD17674E1950AB510000F482 /* Products */,
			);
			sourceTree = "<group>";
		};
		BD17674E1950AB510000F482 /* Products */ = {
			isa = PBXGroup;
			children = (
				BD17674D1950AB510000F482 /* Shuffle Cards.app */,
				BD1767681950AB510000F482 /* Shuffle CardsTests.xctest */,
			);
			name = Products;
			sourceTree = "<group>";
		};
		BD17674F1950AB510000F482 /* Frameworks */ = {
			isa = PBXGroup;
			children = (
				BD1767501950AB510000F482 /* Foundation.framework */,
				BD1767521950AB510000F482 /* CoreGraphics.framework */,
				BD1767541950AB510000F482 /* UIKit.framework */,
				BD1767691950AB510000F482 /* XCTest.framework */,
			);
			name = Frameworks;
			sourceTree = "<group>";
		};
		BD1767561950AB510000F482 /* Shuffle Cards */ = {
			isa = PBXGroup;
			children = (
				BD17675F1950AB510000F482 /* AppDelegate.h */,
				BD1767601950AB510000F482 /* AppDelegate.m */,
				BD17677F1950AB7F0000F482 /* Card.h */,
				BD1767801950AB7F0000F482 /* Card.m */,
				BD1767621950AB510000F482 /* Images.xcassets */,
				BD1767571950AB510000F482 /* Supporting Files */,
			);
			path = "Shuffle Cards";
			sourceTree = "<group>";
		};
		BD1767571950AB510000F482 /* Supporting Files */ = {
			isa = PBXGroup;
			children = (
				BD1767581950AB510000F482 /* Shuffle Cards-Info.plist */,
				BD1767591950AB510000F482 /* InfoPlist.strings */,
				BD17675C1950AB510000F482 /* main.m */,
				BD17675E1950AB510000F482 /* Shuffle Cards-Prefix.pch */,
			);
			name = "Supporting Files";
			sourceTree = "<group>";
		};
		BD17676F1950AB510000F482 /* Shuffle CardsTests */ = {
			isa = PBXGroup;
			children = (
				BD1767751950AB510000F482 /* Shuffle_CardsTests.m */,
				BD1767701950AB510000F482 /* Supporting Files */,
			);
			path = "Shuffle CardsTests";
			sourceTree = "<group>";
		};
		BD1767701950AB510000F482 /* Supporting Files */ = {
			isa = PBXGroup;
			children = (
				BD1767711950AB510000F482 /* Shuffle CardsTests-Info.plist */,
				BD1767721950AB510000F482 /* InfoPlist.strings */,
			);
			name = "Supporting Files";
			sourceTree = "<group>";
		};
/* End PBXGroup section */

/* Begin PBXNativeTarget section */
		BD17674C1950AB510000F482 /* Shuffle Cards */ = {
			isa = PBXNativeTarget;
			buildConfigurationList = BD1767791950AB510000F482 /* Build configuration list for PBXNativeTarget "Shuffle Cards" */;
			buildPhases = (
				BD1767491950AB510000F482 /* Sources */,
				BD17674A1950AB510000F482 /* Frameworks */,
				BD17674B1950AB510000F482 /* Resources */,
			);
			buildRules = (
			);
			dependencies = (
			);
			name = "Shuffle Cards";
			productName = "Shuffle Cards";
			productReference = BD17674D1950AB510000F482 /* Shuffle Cards.app */;
			productType = "com.apple.product-type.application";
		};
		BD1767671950AB510000F482 /* Shuffle CardsTests */ = {
			isa = PBXNativeTarget;
			buildConfigurationList = BD17677C1950AB510000F482 /* Build configuration list for PBXNativeTarget "Shuffle CardsTests" */;
			buildPhases = (
				BD1767641950AB510000F482 /* Sources */,
				BD1767651950AB510000F482 /* Frameworks */,
				BD1767661950AB510000F482 /* Resources */,
			);
			buildRules = (
			);
			dependencies = (
				BD17676E1950AB510000F482 /* PBXTargetDependency */,
			);
			name = "Shuffle CardsTests";
			productName = "Shuffle CardsTests";
			productReference = BD1767681950AB510000F482 /* Shuffle CardsTests.xctest */;
			productType = "com.apple.product-type.bundle.unit-test";
		};
/* End PBXNativeTarget section */

/* Begin PBXProject section */
		BD1767451950AB510000F482 /* Project object */ = {
			isa = PBXProject;
			attributes = {
				LastUpgradeCheck = 0510;
				ORGANIZATIONNAME = "Rohan Aurora";
				TargetAttributes = {
					BD1767671950AB510000F482 = {
						TestTargetID = BD17674C1950AB510000F482;
					};
				};
			};
			buildConfigurationList = BD1767481950AB510000F482 /* Build configuration list for PBXProject "Shuffle Cards" */;
			compatibilityVersion = "Xcode 3.2";
			developmentRegion = English;
			hasScannedForEncodings = 0;
			knownRegions = (
				en,
			);
			mainGroup = BD1767441950AB510000F482;
			productRefGroup = BD17674E1950AB510000F482 /* Products */;
			projectDirPath = "";
			projectRoot = "";
			targets = (
				BD17674C1950AB510000F482 /* Shuffle Cards */,
				BD1767671950AB510000F482 /* Shuffle CardsTests */,
			);
		};
/* End PBXProject section */

/* Begin PBXResourcesBuildPhase section */
		BD17674B1950AB510000F482 /* Resources */ = {
			isa = PBXResourcesBuildPhase;
			buildActionMask = 2147483647;
			files = (
				BD17675B1950AB510000F482 /* InfoPlist.strings in Resources */,
				BD1767631950AB510000F482 /* Images.xcassets in Resources */,
			);
			runOnlyForDeploymentPostprocessing = 0;
		};
		BD1767661950AB510000F482 /* Resources */ = {
			isa = PBXResourcesBuildPhase;
			buildActionMask = 2147483647;
			files = (
				BD1767741950AB510000F482 /* InfoPlist.strings in Resources */,
			);
			runOnlyForDeploymentPostprocessing = 0;
		};
/* End PBXResourcesBuildPhase section */

/* Begin PBXSourcesBuildPhase section */
		BD1767491950AB510000F482 /* Sources */ = {
			isa = PBXSourcesBuildPhase;
			buildActionMask = 2147483647;
			files = (
				BD1767611950AB510000F482 /* AppDelegate.m in Sources */,
				BD17675D1950AB510000F482 /* main.m in Sources */,
				BD1767811950AB7F0000F482 /* Card.m in Sources */,
			);
			runOnlyForDeploymentPostprocessing = 0;
		};
		BD1767641950AB510000F482 /* Sources */ = {
			isa = PBXSourcesBuildPhase;
			buildActionMask = 2147483647;
			files = (
				BD1767761950AB510000F482 /* Shuffle_CardsTests.m in Sources */,
			);
			runOnlyForDeploymentPostprocessing = 0;
		};
/* End PBXSourcesBuildPhase section */

/* Begin PBXTargetDependency section */
		BD17676E1950AB510000F482 /* PBXTargetDependency */ = {
			isa = PBXTargetDependency;
			target = BD17674C1950AB510000F482 /* Shuffle Cards */;
			targetProxy = BD17676D1950AB510000F482 /* PBXContainerItemProxy */;
		};
/* End PBXTargetDependency section */

/* Begin PBXVariantGroup section */
		BD1767591950AB510000F482 /* InfoPlist.strings */ = {
			isa = PBXVariantGroup;
			children = (
				BD17675A1950AB510000F482 /* en */,
			);
			name = InfoPlist.strings;
			sourceTree = "<group>";
		};
		BD1767721950AB510000F482 /* InfoPlist.strings */ = {
			isa = PBXVariantGroup;
			children = (
				BD1767731950AB510000F482 /* en */,
			);
			name = InfoPlist.strings;
			sourceTree = "<group>";
		};
/* End PBXVariantGroup section */

/* Begin XCBuildConfiguration section */
		BD1767771950AB510000F482 /* Debug */ = {
			isa = XCBuildConfiguration;
			buildSettings = {
				ALWAYS_SEARCH_USER_PATHS = NO;
				CLANG_CXX_LANGUAGE_STANDARD = "gnu++0x";
				CLANG_CXX_LIBRARY = "libc++";
				CLANG_ENABLE_MODULES = YES;
				CLANG_ENABLE_OBJC_ARC = YES;
				CLANG_WARN_BOOL_CONVERSION = YES;
				CLANG_WARN_CONSTANT_CONVERSION = YES;
				CLANG_WARN_DIRECT_OBJC_ISA_USAGE = YES_ERROR;
				CLANG_WARN_EMPTY_BODY = YES;
				CLANG_WARN_ENUM_CONVERSION = YES;
				CLANG_WARN_INT_CONVERSION = YES;
				CLANG_WARN_OBJC_ROOT_CLASS = YES_ERROR;
				CLANG_WARN__DUPLICATE_METHOD_MATCH = YES;
				"CODE_SIGN_IDENTITY[sdk=iphoneos*]" = "iPhone Developer";
				COPY_PHASE_STRIP = NO;
				GCC_C_LANGUAGE_STANDARD = gnu99;
				GCC_DYNAMIC_NO_PIC = NO;
				GCC_OPTIMIZATION_LEVEL = 0;
				GCC_PREPROCESSOR_DEFINITIONS = (
					"DEBUG=1",
					"$(inherited)",
				);
				GCC_SYMBOLS_PRIVATE_EXTERN = NO;
				GCC_WARN_64_TO_32_BIT_CONVERSION = YES;
				GCC_WARN_ABOUT_RETURN_TYPE = YES_ERROR;
				GCC_WARN_UNDECLARED_SELECTOR = YES;
				GCC_WARN_UNINITIALIZED_AUTOS = YES_AGGRESSIVE;
				GCC_WARN_UNUSED_FUNCTION = YES;
				GCC_WARN_UNUSED_VARIABLE = YES;
				IPHONEOS_DEPLOYMENT_TARGET = 7.1;
				ONLY_ACTIVE_ARCH = YES;
				SDKROOT = iphoneos;
			};
			name = Debug;
		};
		BD1767781950AB510000F482 /* Release */ = {
			isa = XCBuildConfiguration;
			buildSettings = {
				ALWAYS_SEARCH_USER_PATHS = NO;
				CLANG_CXX_LANGUAGE_STANDARD = "gnu++0x";
				CLANG_CXX_LIBRARY = "libc++";
				CLANG_ENABLE_MODULES = YES;
				CLANG_ENABLE_OBJC_ARC = YES;
				CLANG_WARN_BOOL_CONVERSION = YES;
				CLANG_WARN_CONSTANT_CONVERSION = YES;
				CLANG_WARN_DIRECT_OBJC_ISA_USAGE = YES_ERROR;
				CLANG_WARN_EMPTY_BODY = YES;
				CLANG_WARN_ENUM_CONVERSION = YES;
				CLANG_WARN_INT_CONVERSION = YES;
				CLANG_WARN_OBJC_ROOT_CLASS = YES_ERROR;
				CLANG_WARN__DUPLICATE_METHOD_MATCH = YES;
				"CODE_SIGN_IDENTITY[sdk=iphoneos*]" = "iPhone Developer";
				COPY_PHASE_STRIP = YES;
				ENABLE_NS_ASSERTIONS = NO;
				GCC_C_LANGUAGE_STANDARD = gnu99;
				GCC_WARN_64_TO_32_BIT_CONVERSION = YES;
				GCC_WARN_ABOUT_RETURN_TYPE = YES_ERROR;
				GCC_WARN_UNDECLARED_SELECTOR = YES;
				GCC_WARN_UNINITIALIZED_AUTOS = YES_AGGRESSIVE;
				GCC_WARN_UNUSED_FUNCTION = YES;
				GCC_WARN_UNUSED_VARIABLE = YES;
				IPHONEOS_DEPLOYMENT_TARGET = 7.1;
				SDKROOT = iphoneos;
				VALIDATE_PRODUCT = YES;
			};
			name = Release;
		};
		BD17677A1950AB510000F482 /* Debug */ = {
			isa = XCBuildConfiguration;
			buildSettings = {
				ASSETCATALOG_COMPILER_APPICON_NAME = AppIcon;
				ASSETCATALOG_COMPILER_LAUNCHIMAGE_NAME = LaunchImage;
				GCC_PRECOMPILE_PREFIX_HEADER = YES;
				GCC_PREFIX_HEADER = "Shuffle Cards/Shuffle Cards-Prefix.pch";
				INFOPLIST_FILE = "Shuffle Cards/Shuffle Cards-Info.plist";
				PRODUCT_NAME = "$(TARGET_NAME)";
				WRAPPER_EXTENSION = app;
			};
			name = Debug;
		};
		BD17677B1950AB510000F482 /* Release */ = {
			isa = XCBuildConfiguration;
			buildSettings = {
				ASSETCATALOG_COMPILER_APPICON_NAME = AppIcon;
				ASSETCATALOG_COMPILER_LAUNCHIMAGE_NAME = LaunchImage;
				GCC_PRECOMPILE_PREFIX_HEADER = YES;
				GCC_PREFIX_HEADER = "Shuffle Cards/Shuffle Cards-Prefix.pch";
				INFOPLIST_FILE = "Shuffle Cards/Shuffle Cards-Info.plist";
				PRODUCT_NAME = "$(TARGET_NAME)";
				WRAPPER_EXTENSION = app;
			};
			name = Release;
		};
		BD17677D1950AB510000F482 /* Debug */ = {
			isa = XCBuildConfiguration;
			buildSettings = {
				BUNDLE_LOADER = "$(BUILT_PRODUCTS_DIR)/Shuffle Cards.app/Shuffle Cards";
				FRAMEWORK_SEARCH_PATHS = (
					"$(SDKROOT)/Developer/Library/Frameworks",
					"$(inherited)",
					"$(DEVELOPER_FRAMEWORKS_DIR)",
				);
				GCC_PRECOMPILE_PREFIX_HEADER = YES;
				GCC_PREFIX_HEADER = "Shuffle Cards/Shuffle Cards-Prefix.pch";
				GCC_PREPROCESSOR_DEFINITIONS = (
					"DEBUG=1",
					"$(inherited)",
				);
				INFOPLIST_FILE = "Shuffle CardsTests/Shuffle CardsTests-Info.plist";
				PRODUCT_NAME = "$(TARGET_NAME)";
				TEST_HOST = "$(BUNDLE_LOADER)";
				WRAPPER_EXTENSION = xctest;
			};
			name = Debug;
		};
		BD17677E1950AB510000F482 /* Release */ = {
			isa = XCBuildConfiguration;
			buildSettings = {
				BUNDLE_LOADER = "$(BUILT_PRODUCTS_DIR)/Shuffle Cards.app/Shuffle Cards";
				FRAMEWORK_SEARCH_PATHS = (
					"$(SDKROOT)/Developer/Library/Frameworks",
					"$(inherited)",
					"$(DEVELOPER_FRAMEWORKS_DIR)",
				);
				GCC_PRECOMPILE_PREFIX_HEADER = YES;
				GCC_PREFIX_HEADER = "Shuffle Cards/Shuffle Cards-Prefix.pch";
				INFOPLIST_FILE = "Shuffle CardsTests/Shuffle CardsTests-Info.plist";
				PRODUCT_NAME = "$(TARGET_NAME)";
				TEST_HOST = "$(BUNDLE_LOADER)";
				WRAPPER_EXTENSION = xctest;
			};
			name = Release;
		};
/* End XCBuildConfiguration section */

/* Begin XCConfigurationList section */
		BD1767481950AB510000F482 /* Build configuration list for PBXProject "Shuffle Cards" */ = {
			isa = XCConfigurationList;
			buildConfigurations = (
				BD1767771950AB510000F482 /* Debug */,
				BD1767781950AB510000F482 /* Release */,
			);
			defaultConfigurationIsVisible = 0;
			defaultConfigurationName = Release;
		};
		BD1767791950AB510000F482 /* Build configuration list for PBXNativeTarget "Shuffle Cards" */ = {
			isa = XCConfigurationList;
			buildConfigurations = (
				BD17677A1950AB510000F482 /* Debug */,
				BD17677B1950AB510000F482 /* Release */,
			);
			defaultConfigurationIsVisible = 0;
		};
		BD17677C1950AB510000F482 /* Build configuration list for PBXNativeTarget "Shuffle CardsTests" */ = {
			isa = XCConfigurationList;
			buildConfigurations = (
				BD17677D1950AB510000F482 /* Debug */,
				BD17677E1950AB510000F482 /* Release */,
			);
			defaultConfigurationIsVisible = 0;
		};
/* End XCConfigurationList section */
	};
	rootObject = BD1767451950AB510000F482 /* Project object */;
}
