// !$*UTF8*$!
{
	archiveVersion = 1;
	classes = {
	};
	objectVersion = 46;
	objects = {

/* Begin PBXBuildFile section */
		BD1767511950AB510000F482 /* Foundation.framework in Frameworks */ = {isa = PBXBuildFile; fileRef = BD1767501950AB510000F482 /* Foundation.framework */; };
		BD1767531950AB510000F482 /* CoreGraphics.framework in Frameworks */ = {isa = PBXBuildFile; fileRef = BD1767521950AB510000F482 /* CoreGraphics.framework */; };
		BD1767551950AB510000F482 /* UIKit.framework in Frameworks */ = {isa = PBXBuildFile; fileRef = BD1767541950AB510000F482 /* UIKit.framework */; };
		BD17675B1950AB510000F482 /* InfoPlist.strings in Resources */ = {isa = PBXBuildFile; fileRef = BD1767591950AB510000F482 /* InfoPlist.strings */; };
		BD17675D1950AB510000F482 /* main.m in Sources */ = {isa = PBXBuildFile; fileRef = BD17675C1950AB510000F482 /* main.m */; };
		BD1767611950AB510000F482 /* AppDelegate.m in Sources */ = {isa = PBXBuildFile; fileRef = BD1767601950AB510000F482 /* AppDelegate.m */; };
		BD1767631950AB510000F482 /* Images.xcassets in Resources */ = {isa = PBXBuildFile; fileRef = BD1767621950AB510000F482 /* Images.xcassets */; };
		BD17676A1950AB510000F482 /* XCTest.framework in Frameworks */ = {isa = PBXBuildFile; fileRef = BD1767691950AB510000F482 /* XCTest.framework */; };
		BD17676B1950AB510000F482 /* Foundation.framework in Frameworks */ = {isa = PBXBuildFile; fileRef = BD1767501950AB510000F482 /* Foundation.framework */; };
		BD17676C1950AB510000F482 /* UIKit.framework in Frameworks */ = {isa = PBXBuildFile; fileRef = BD1767541950AB510000F482 /* UIKit.framework */; };
		BD1767741950AB510000F482 /* InfoPlist.strings in Resources */ = {isa = PBXBuildFile; fileRef = BD1767721950AB510000F482 /* InfoPlist.strings */; };
		BD1767761950AB510000F482 /* Shuffle_CardsTests.m in Sources */ = {isa = PBXBuildFile; fileRef = BD1767751950AB510000F482 /* Shuffle_CardsTests.m */; };
		BD1767811950AB7F0000F482 /* Card.m in Sources */ = {isa = PBXBuildFile; fileRef = BD1767801950AB7F0000F482 /* Card.m */; };
		BD1767841950AFDD0000F482 /* CardsViewController.m in Sources */ = {isa = PBXBuildFile; fileRef = BD1767831950AFDD0000F482 /* CardsViewController.m */; };
		BD1767BA1950B0720000F482 /* 0_0.png in Resources */ = {isa = PBXBuildFile; fileRef = BD1767861950B0720000F482 /* 0_0.png */; };
		BD1767BB1950B0720000F482 /* 0_1.png in Resources */ = {isa = PBXBuildFile; fileRef = BD1767871950B0720000F482 /* 0_1.png */; };
		BD1767BC1950B0720000F482 /* 0_2.png in Resources */ = {isa = PBXBuildFile; fileRef = BD1767881950B0720000F482 /* 0_2.png */; };
		BD1767BD1950B0720000F482 /* 0_3.png in Resources */ = {isa = PBXBuildFile; fileRef = BD1767891950B0720000F482 /* 0_3.png */; };
		BD1767BE1950B0720000F482 /* 0_4.png in Resources */ = {isa = PBXBuildFile; fileRef = BD17678A1950B0720000F482 /* 0_4.png */; };
		BD1767BF1950B0720000F482 /* 0_5.png in Resources */ = {isa = PBXBuildFile; fileRef = BD17678B1950B0720000F482 /* 0_5.png */; };
		BD1767C01950B0720000F482 /* 0_6.png in Resources */ = {isa = PBXBuildFile; fileRef = BD17678C1950B0720000F482 /* 0_6.png */; };
		BD1767C11950B0720000F482 /* 0_7.png in Resources */ = {isa = PBXBuildFile; fileRef = BD17678D1950B0720000F482 /* 0_7.png */; };
		BD1767C21950B0720000F482 /* 0_8.png in Resources */ = {isa = PBXBuildFile; fileRef = BD17678E1950B0720000F482 /* 0_8.png */; };
		BD1767C31950B0720000F482 /* 0_9.png in Resources */ = {isa = PBXBuildFile; fileRef = BD17678F1950B0720000F482 /* 0_9.png */; };
		BD1767C41950B0720000F482 /* 0_10.png in Resources */ = {isa = PBXBuildFile; fileRef = BD1767901950B0720000F482 /* 0_10.png */; };
		BD1767C51950B0720000F482 /* 0_11.png in Resources */ = {isa = PBXBuildFile; fileRef = BD1767911950B0720000F482 /* 0_11.png */; };
		BD1767C61950B0720000F482 /* 0_12.png in Resources */ = {isa = PBXBuildFile; fileRef = BD1767921950B0720000F482 /* 0_12.png */; };
		BD1767C71950B0720000F482 /* 1_0.png in Resources */ = {isa = PBXBuildFile; fileRef = BD1767931950B0720000F482 /* 1_0.png */; };
		BD1767C81950B0720000F482 /* 1_1.png in Resources */ = {isa = PBXBuildFile; fileRef = BD1767941950B0720000F482 /* 1_1.png */; };
		BD1767C91950B0720000F482 /* 1_2.png in Resources */ = {isa = PBXBuildFile; fileRef = BD1767951950B0720000F482 /* 1_2.png */; };
		BD1767CA1950B0720000F482 /* 1_3.png in Resources */ = {isa = PBXBuildFile; fileRef = BD1767961950B0720000F482 /* 1_3.png */; };
		BD1767CB1950B0720000F482 /* 1_4.png in Resources */ = {isa = PBXBuildFile; fileRef = BD1767971950B0720000F482 /* 1_4.png */; };
		BD1767CC1950B0720000F482 /* 1_5.png in Resources */ = {isa = PBXBuildFile; fileRef = BD1767981950B0720000F482 /* 1_5.png */; };
		BD1767CD1950B0720000F482 /* 1_6.png in Resources */ = {isa = PBXBuildFile; fileRef = BD1767991950B0720000F482 /* 1_6.png */; };
		BD1767CE1950B0720000F482 /* 1_7.png in Resources */ = {isa = PBXBuildFile; fileRef = BD17679A1950B0720000F482 /* 1_7.png */; };
		BD1767CF1950B0720000F482 /* 1_8.png in Resources */ = {isa = PBXBuildFile; fileRef = BD17679B1950B0720000F482 /* 1_8.png */; };
		BD1767D01950B0720000F482 /* 1_9.png in Resources */ = {isa = PBXBuildFile; fileRef = BD17679C1950B0720000F482 /* 1_9.png */; };
		BD1767D11950B0720000F482 /* 1_10.png in Resources */ = {isa = PBXBuildFile; fileRef = BD17679D1950B0720000F482 /* 1_10.png */; };
		BD1767D21950B0720000F482 /* 1_11.png in Resources */ = {isa = PBXBuildFile; fileRef = BD17679E1950B0720000F482 /* 1_11.png */; };
		BD1767D31950B0720000F482 /* 1_12.png in Resources */ = {isa = PBXBuildFile; fileRef = BD17679F1950B0720000F482 /* 1_12.png */; };
		BD1767D41950B0720000F482 /* 2_0.png in Resources */ = {isa = PBXBuildFile; fileRef = BD1767A01950B0720000F482 /* 2_0.png */; };
		BD1767D51950B0720000F482 /* 2_1.png in Resources */ = {isa = PBXBuildFile; fileRef = BD1767A11950B0720000F482 /* 2_1.png */; };
		BD1767D61950B0720000F482 /* 2_2.png in Resources */ = {isa = PBXBuildFile; fileRef = BD1767A21950B0720000F482 /* 2_2.png */; };
		BD1767D71950B0720000F482 /* 2_3.png in Resources */ = {isa = PBXBuildFile; fileRef = BD1767A31950B0720000F482 /* 2_3.png */; };
		BD1767D81950B0720000F482 /* 2_4.png in Resources */ = {isa = PBXBuildFile; fileRef = BD1767A41950B0720000F482 /* 2_4.png */; };
		BD1767D91950B0720000F482 /* 2_5.png in Resources */ = {isa = PBXBuildFile; fileRef = BD1767A51950B0720000F482 /* 2_5.png */; };
		BD1767DA1950B0720000F482 /* 2_6.png in Resources */ = {isa = PBXBuildFile; fileRef = BD1767A61950B0720000F482 /* 2_6.png */; };
		BD1767DB1950B0720000F482 /* 2_7.png in Resources */ = {isa = PBXBuildFile; fileRef = BD1767A71950B0720000F482 /* 2_7.png */; };
		BD1767DC1950B0720000F482 /* 2_8.png in Resources */ = {isa = PBXBuildFile; fileRef = BD1767A81950B0720000F482 /* 2_8.png */; };
		BD1767DD1950B0720000F482 /* 2_9.png in Resources */ = {isa = PBXBuildFile; fileRef = BD1767A91950B0720000F482 /* 2_9.png */; };
		BD1767DE1950B0720000F482 /* 2_10.png in Resources */ = {isa = PBXBuildFile; fileRef = BD1767AA1950B0720000F482 /* 2_10.png */; };
		BD1767DF1950B0720000F482 /* 2_11.png in Resources */ = {isa = PBXBuildFile; fileRef = BD1767AB1950B0720000F482 /* 2_11.png */; };
		BD1767E01950B0720000F482 /* 2_12.png in Resources */ = {isa = PBXBuildFile; fileRef = BD1767AC1950B0720000F482 /* 2_12.png */; };
		BD1767E11950B0720000F482 /* 3_0.png in Resources */ = {isa = PBXBuildFile; fileRef = BD1767AD1950B0720000F482 /* 3_0.png */; };
		BD1767E21950B0720000F482 /* 3_1.png in Resources */ = {isa = PBXBuildFile; fileRef = BD1767AE1950B0720000F482 /* 3_1.png */; };
		BD1767E31950B0720000F482 /* 3_2.png in Resources */ = {isa = PBXBuildFile; fileRef = BD1767AF1950B0720000F482 /* 3_2.png */; };
		BD1767E41950B0720000F482 /* 3_3.png in Resources */ = {isa = PBXBuildFile; fileRef = BD1767B01950B0720000F482 /* 3_3.png */; };
		BD1767E51950B0720000F482 /* 3_4.png in Resources */ = {isa = PBXBuildFile; fileRef = BD1767B11950B0720000F482 /* 3_4.png */; };
		BD1767E61950B0720000F482 /* 3_5.png in Resources */ = {isa = PBXBuildFile; fileRef = BD1767B21950B0720000F482 /* 3_5.png */; };
		BD1767E71950B0720000F482 /* 3_6.png in Resources */ = {isa = PBXBuildFile; fileRef = BD1767B31950B0720000F482 /* 3_6.png */; };
		BD1767E81950B0720000F482 /* 3_7.png in Resources */ = {isa = PBXBuildFile; fileRef = BD1767B41950B0720000F482 /* 3_7.png */; };
		BD1767E91950B0720000F482 /* 3_8.png in Resources */ = {isa = PBXBuildFile; fileRef = BD1767B51950B0720000F482 /* 3_8.png */; };
		BD1767EA1950B0720000F482 /* 3_9.png in Resources */ = {isa = PBXBuildFile; fileRef = BD1767B61950B0720000F482 /* 3_9.png */; };
		BD1767EB1950B0720000F482 /* 3_10.png in Resources */ = {isa = PBXBuildFile; fileRef = BD1767B71950B0720000F482 /* 3_10.png */; };
		BD1767EC1950B0720000F482 /* 3_11.png in Resources */ = {isa = PBXBuildFile; fileRef = BD1767B81950B0720000F482 /* 3_11.png */; };
		BD1767ED1950B0720000F482 /* 3_12.png in Resources */ = {isa = PBXBuildFile; fileRef = BD1767B91950B0720000F482 /* 3_12.png */; };
/* End PBXBuildFile section */

/* Begin PBXContainerItemProxy section */
		BD17676D1950AB510000F482 /* PBXContainerItemProxy */ = {
			isa = PBXContainerItemProxy;
			containerPortal = BD1767451950AB510000F482 /* Project object */;
			proxyType = 1;
			remoteGlobalIDString = BD17674C1950AB510000F482;
			remoteInfo = "Shuffle Cards";
		};
/* End PBXContainerItemProxy section */

/* Begin PBXFileReference section */
		BD17674D1950AB510000F482 /* Shuffle Cards.app */ = {isa = PBXFileReference; explicitFileType = wrapper.application; includeInIndex = 0; path = "Shuffle Cards.app"; sourceTree = BUILT_PRODUCTS_DIR; };
		BD1767501950AB510000F482 /* Foundation.framework */ = {isa = PBXFileReference; lastKnownFileType = wrapper.framework; name = Foundation.framework; path = System/Library/Frameworks/Foundation.framework; sourceTree = SDKROOT; };
		BD1767521950AB510000F482 /* CoreGraphics.framework */ = {isa = PBXFileReference; lastKnownFileType = wrapper.framework; name = CoreGraphics.framework; path = System/Library/Frameworks/CoreGraphics.framework; sourceTree = SDKROOT; };
		BD1767541950AB510000F482 /* UIKit.framework */ = {isa = PBXFileReference; lastKnownFileType = wrapper.framework; name = UIKit.framework; path = System/Library/Frameworks/UIKit.framework; sourceTree = SDKROOT; };
		BD1767581950AB510000F482 /* Shuffle Cards-Info.plist */ = {isa = PBXFileReference; lastKnownFileType = text.plist.xml; path = "Shuffle Cards-Info.plist"; sourceTree = "<group>"; };
		BD17675A1950AB510000F482 /* en */ = {isa = PBXFileReference; lastKnownFileType = text.plist.strings; name = en; path = en.lproj/InfoPlist.strings; sourceTree = "<group>"; };
		BD17675C1950AB510000F482 /* main.m */ = {isa = PBXFileReference; lastKnownFileType = sourcecode.c.objc; path = main.m; sourceTree = "<group>"; };
		BD17675E1950AB510000F482 /* Shuffle Cards-Prefix.pch */ = {isa = PBXFileReference; lastKnownFileType = sourcecode.c.h; path = "Shuffle Cards-Prefix.pch"; sourceTree = "<group>"; };
		BD17675F1950AB510000F482 /* AppDelegate.h */ = {isa = PBXFileReference; lastKnownFileType = sourcecode.c.h; path = AppDelegate.h; sourceTree = "<group>"; };
		BD1767601950AB510000F482 /* AppDelegate.m */ = {isa = PBXFileReference; lastKnownFileType = sourcecode.c.objc; path = AppDelegate.m; sourceTree = "<group>"; };
		BD1767621950AB510000F482 /* Images.xcassets */ = {isa = PBXFileReference; lastKnownFileType = folder.assetcatalog; path = Images.xcassets; sourceTree = "<group>"; };
		BD1767681950AB510000F482 /* Shuffle CardsTests.xctest */ = {isa = PBXFileReference; explicitFileType = wrapper.cfbundle; includeInIndex = 0; path = "Shuffle CardsTests.xctest"; sourceTree = BUILT_PRODUCTS_DIR; };
		BD1767691950AB510000F482 /* XCTest.framework */ = {isa = PBXFileReference; lastKnownFileType = wrapper.framework; name = XCTest.framework; path = Library/Frameworks/XCTest.framework; sourceTree = DEVELOPER_DIR; };
		BD1767711950AB510000F482 /* Shuffle CardsTests-Info.plist */ = {isa = PBXFileReference; lastKnownFileType = text.plist.xml; path = "Shuffle CardsTests-Info.plist"; sourceTree = "<group>"; };
		BD1767731950AB510000F482 /* en */ = {isa = PBXFileReference; lastKnownFileType = text.plist.strings; name = en; path = en.lproj/InfoPlist.strings; sourceTree = "<group>"; };
		BD1767751950AB510000F482 /* Shuffle_CardsTests.m */ = {isa = PBXFileReference; lastKnownFileType = sourcecode.c.objc; path = Shuffle_CardsTests.m; sourceTree = "<group>"; };
		BD17677F1950AB7F0000F482 /* Card.h */ = {isa = PBXFileReference; fileEncoding = 4; lastKnownFileType = sourcecode.c.h; path = Card.h; sourceTree = "<group>"; };
		BD1767801950AB7F0000F482 /* Card.m */ = {isa = PBXFileReference; fileEncoding = 4; lastKnownFileType = sourcecode.c.objc; path = Card.m; sourceTree = "<group>"; };
		BD1767821950AFDD0000F482 /* CardsViewController.h */ = {isa = PBXFileReference; fileEncoding = 4; lastKnownFileType = sourcecode.c.h; path = CardsViewController.h; sourceTree = "<group>"; };
		BD1767831950AFDD0000F482 /* CardsViewController.m */ = {isa = PBXFileReference; fileEncoding = 4; lastKnownFileType = sourcecode.c.objc; path = CardsViewController.m; sourceTree = "<group>"; };
		BD1767861950B0720000F482 /* 0_0.png */ = {isa = PBXFileReference; lastKnownFileType = image.png; path = 0_0.png; sourceTree = "<group>"; };
		BD1767871950B0720000F482 /* 0_1.png */ = {isa = PBXFileReference; lastKnownFileType = image.png; path = 0_1.png; sourceTree = "<group>"; };
		BD1767881950B0720000F482 /* 0_2.png */ = {isa = PBXFileReference; lastKnownFileType = image.png; path = 0_2.png; sourceTree = "<group>"; };
		BD1767891950B0720000F482 /* 0_3.png */ = {isa = PBXFileReference; lastKnownFileType = image.png; path = 0_3.png; sourceTree = "<group>"; };
		BD17678A1950B0720000F482 /* 0_4.png */ = {isa = PBXFileReference; lastKnownFileType = image.png; path = 0_4.png; sourceTree = "<group>"; };
		BD17678B1950B0720000F482 /* 0_5.png */ = {isa = PBXFileReference; lastKnownFileType = image.png; path = 0_5.png; sourceTree = "<group>"; };
		BD17678C1950B0720000F482 /* 0_6.png */ = {isa = PBXFileReference; lastKnownFileType = image.png; path = 0_6.png; sourceTree = "<group>"; };
		BD17678D1950B0720000F482 /* 0_7.png */ = {isa = PBXFileReference; lastKnownFileType = image.png; path = 0_7.png; sourceTree = "<group>"; };
		BD17678E1950B0720000F482 /* 0_8.png */ = {isa = PBXFileReference; lastKnownFileType = image.png; path = 0_8.png; sourceTree = "<group>"; };
		BD17678F1950B0720000F482 /* 0_9.png */ = {isa = PBXFileReference; lastKnownFileType = image.png; path = 0_9.png; sourceTree = "<group>"; };
		BD1767901950B0720000F482 /* 0_10.png */ = {isa = PBXFileReference; lastKnownFileType = image.png; path = 0_10.png; sourceTree = "<group>"; };
		BD1767911950B0720000F482 /* 0_11.png */ = {isa = PBXFileReference; lastKnownFileType = image.png; path = 0_11.png; sourceTree = "<group>"; };
		BD1767921950B0720000F482 /* 0_12.png */ = {isa = PBXFileReference; lastKnownFileType = image.png; path = 0_12.png; sourceTree = "<group>"; };
		BD1767931950B0720000F482 /* 1_0.png */ = {isa = PBXFileReference; lastKnownFileType = image.png; path = 1_0.png; sourceTree = "<group>"; };
		BD1767941950B0720000F482 /* 1_1.png */ = {isa = PBXFileReference; lastKnownFileType = image.png; path = 1_1.png; sourceTree = "<group>"; };
		BD1767951950B0720000F482 /* 1_2.png */ = {isa = PBXFileReference; lastKnownFileType = image.png; path = 1_2.png; sourceTree = "<group>"; };
		BD1767961950B0720000F482 /* 1_3.png */ = {isa = PBXFileReference; lastKnownFileType = image.png; path = 1_3.png; sourceTree = "<group>"; };
		BD1767971950B0720000F482 /* 1_4.png */ = {isa = PBXFileReference; lastKnownFileType = image.png; path = 1_4.png; sourceTree = "<group>"; };
		BD1767981950B0720000F482 /* 1_5.png */ = {isa = PBXFileReference; lastKnownFileType = image.png; path = 1_5.png; sourceTree = "<group>"; };
		BD1767991950B0720000F482 /* 1_6.png */ = {isa = PBXFileReference; lastKnownFileType = image.png; path = 1_6.png; sourceTree = "<group>"; };
		BD17679A1950B0720000F482 /* 1_7.png */ = {isa = PBXFileReference; lastKnownFileType = image.png; path = 1_7.png; sourceTree = "<group>"; };
		BD17679B1950B0720000F482 /* 1_8.png */ = {isa = PBXFileReference; lastKnownFileType = image.png; path = 1_8.png; sourceTree = "<group>"; };
		BD17679C1950B0720000F482 /* 1_9.png */ = {isa = PBXFileReference; lastKnownFileType = image.png; path = 1_9.png; sourceTree = "<group>"; };
		BD17679D1950B0720000F482 /* 1_10.png */ = {isa = PBXFileReference; lastKnownFileType = image.png; path = 1_10.png; sourceTree = "<group>"; };
		BD17679E1950B0720000F482 /* 1_11.png */ = {isa = PBXFileReference; lastKnownFileType = image.png; path = 1_11.png; sourceTree = "<group>"; };
		BD17679F1950B0720000F482 /* 1_12.png */ = {isa = PBXFileReference; lastKnownFileType = image.png; path = 1_12.png; sourceTree = "<group>"; };
		BD1767A01950B0720000F482 /* 2_0.png */ = {isa = PBXFileReference; lastKnownFileType = image.png; path = 2_0.png; sourceTree = "<group>"; };
		BD1767A11950B0720000F482 /* 2_1.png */ = {isa = PBXFileReference; lastKnownFileType = image.png; path = 2_1.png; sourceTree = "<group>"; };
		BD1767A21950B0720000F482 /* 2_2.png */ = {isa = PBXFileReference; lastKnownFileType = image.png; path = 2_2.png; sourceTree = "<group>"; };
		BD1767A31950B0720000F482 /* 2_3.png */ = {isa = PBXFileReference; lastKnownFileType = image.png; path = 2_3.png; sourceTree = "<group>"; };
		BD1767A41950B0720000F482 /* 2_4.png */ = {isa = PBXFileReference; lastKnownFileType = image.png; path = 2_4.png; sourceTree = "<group>"; };
		BD1767A51950B0720000F482 /* 2_5.png */ = {isa = PBXFileReference; lastKnownFileType = image.png; path = 2_5.png; sourceTree = "<group>"; };
		BD1767A61950B0720000F482 /* 2_6.png */ = {isa = PBXFileReference; lastKnownFileType = image.png; path = 2_6.png; sourceTree = "<group>"; };
		BD1767A71950B0720000F482 /* 2_7.png */ = {isa = PBXFileReference; lastKnownFileType = image.png; path = 2_7.png; sourceTree = "<group>"; };
		BD1767A81950B0720000F482 /* 2_8.png */ = {isa = PBXFileReference; lastKnownFileType = image.png; path = 2_8.png; sourceTree = "<group>"; };
		BD1767A91950B0720000F482 /* 2_9.png */ = {isa = PBXFileReference; lastKnownFileType = image.png; path = 2_9.png; sourceTree = "<group>"; };
		BD1767AA1950B0720000F482 /* 2_10.png */ = {isa = PBXFileReference; lastKnownFileType = image.png; path = 2_10.png; sourceTree = "<group>"; };
		BD1767AB1950B0720000F482 /* 2_11.png */ = {isa = PBXFileReference; lastKnownFileType = image.png; path = 2_11.png; sourceTree = "<group>"; };
		BD1767AC1950B0720000F482 /* 2_12.png */ = {isa = PBXFileReference; lastKnownFileType = image.png; path = 2_12.png; sourceTree = "<group>"; };
		BD1767AD1950B0720000F482 /* 3_0.png */ = {isa = PBXFileReference; lastKnownFileType = image.png; path = 3_0.png; sourceTree = "<group>"; };
		BD1767AE1950B0720000F482 /* 3_1.png */ = {isa = PBXFileReference; lastKnownFileType = image.png; path = 3_1.png; sourceTree = "<group>"; };
		BD1767AF1950B0720000F482 /* 3_2.png */ = {isa = PBXFileReference; lastKnownFileType = image.png; path = 3_2.png; sourceTree = "<group>"; };
		BD1767B01950B0720000F482 /* 3_3.png */ = {isa = PBXFileReference; lastKnownFileType = image.png; path = 3_3.png; sourceTree = "<group>"; };
		BD1767B11950B0720000F482 /* 3_4.png */ = {isa = PBXFileReference; lastKnownFileType = image.png; path = 3_4.png; sourceTree = "<group>"; };
		BD1767B21950B0720000F482 /* 3_5.png */ = {isa = PBXFileReference; lastKnownFileType = image.png; path = 3_5.png; sourceTree = "<group>"; };
		BD1767B31950B0720000F482 /* 3_6.png */ = {isa = PBXFileReference; lastKnownFileType = image.png; path = 3_6.png; sourceTree = "<group>"; };
		BD1767B41950B0720000F482 /* 3_7.png */ = {isa = PBXFileReference; lastKnownFileType = image.png; path = 3_7.png; sourceTree = "<group>"; };
		BD1767B51950B0720000F482 /* 3_8.png */ = {isa = PBXFileReference; lastKnownFileType = image.png; path = 3_8.png; sourceTree = "<group>"; };
		BD1767B61950B0720000F482 /* 3_9.png */ = {isa = PBXFileReference; lastKnownFileType = image.png; path = 3_9.png; sourceTree = "<group>"; };
		BD1767B71950B0720000F482 /* 3_10.png */ = {isa = PBXFileReference; lastKnownFileType = image.png; path = 3_10.png; sourceTree = "<group>"; };
		BD1767B81950B0720000F482 /* 3_11.png */ = {isa = PBXFileReference; lastKnownFileType = image.png; path = 3_11.png; sourceTree = "<group>"; };
		BD1767B91950B0720000F482 /* 3_12.png */ = {isa = PBXFileReference; lastKnownFileType = image.png; path = 3_12.png; sourceTree = "<group>"; };
/* End PBXFileReference section */

/* Begin PBXFrameworksBuildPhase section */
		BD17674A1950AB510000F482 /* Frameworks */ = {
			isa = PBXFrameworksBuildPhase;
			buildActionMask = 2147483647;
			files = (
				BD1767531950AB510000F482 /* CoreGraphics.framework in Frameworks */,
				BD1767551950AB510000F482 /* UIKit.framework in Frameworks */,
				BD1767511950AB510000F482 /* Foundation.framework in Frameworks */,
			);
			runOnlyForDeploymentPostprocessing = 0;
		};
		BD1767651950AB510000F482 /* Frameworks */ = {
			isa = PBXFrameworksBuildPhase;
			buildActionMask = 2147483647;
			files = (
				BD17676A1950AB510000F482 /* XCTest.framework in Frameworks */,
				BD17676C1950AB510000F482 /* UIKit.framework in Frameworks */,
				BD17676B1950AB510000F482 /* Foundation.framework in Frameworks */,
			);
			runOnlyForDeploymentPostprocessing = 0;
		};
/* End PBXFrameworksBuildPhase section */

/* Begin PBXGroup section */
		BD1767441950AB510000F482 = {
			isa = PBXGroup;
			children = (
				BD1767561950AB510000F482 /* Shuffle Cards */,
				BD17676F1950AB510000F482 /* Shuffle CardsTests */,
				BD17674F1950AB510000F482 /* Frameworks */,
				BD17674E1950AB510000F482 /* Products */,
			);
			sourceTree = "<group>";
		};
		BD17674E1950AB510000F482 /* Products */ = {
			isa = PBXGroup;
			children = (
				BD17674D1950AB510000F482 /* Shuffle Cards.app */,
				BD1767681950AB510000F482 /* Shuffle CardsTests.xctest */,
			);
			name = Products;
			sourceTree = "<group>";
		};
		BD17674F1950AB510000F482 /* Frameworks */ = {
			isa = PBXGroup;
			children = (
				BD1767501950AB510000F482 /* Foundation.framework */,
				BD1767521950AB510000F482 /* CoreGraphics.framework */,
				BD1767541950AB510000F482 /* UIKit.framework */,
				BD1767691950AB510000F482 /* XCTest.framework */,
			);
			name = Frameworks;
			sourceTree = "<group>";
		};
		BD1767561950AB510000F482 /* Shuffle Cards */ = {
			isa = PBXGroup;
			children = (
				BD1767F01950B0C30000F482 /* Delegate */,
				BD1767EF1950B0A90000F482 /* Model */,
				BD1767EE1950B08D0000F482 /* ViewController */,
				BD1767621950AB510000F482 /* Images.xcassets */,
				BD1767571950AB510000F482 /* Supporting Files */,
			);
			path = "Shuffle Cards";
			sourceTree = "<group>";
		};
		BD1767571950AB510000F482 /* Supporting Files */ = {
			isa = PBXGroup;
			children = (
				BD1767851950B0650000F482 /* Card Pictures */,
				BD1767581950AB510000F482 /* Shuffle Cards-Info.plist */,
				BD1767591950AB510000F482 /* InfoPlist.strings */,
				BD17675C1950AB510000F482 /* main.m */,
				BD17675E1950AB510000F482 /* Shuffle Cards-Prefix.pch */,
			);
			name = "Supporting Files";
			sourceTree = "<group>";
		};
		BD17676F1950AB510000F482 /* Shuffle CardsTests */ = {
			isa = PBXGroup;
			children = (
				BD1767751950AB510000F482 /* Shuffle_CardsTests.m */,
				BD1767701950AB510000F482 /* Supporting Files */,
			);
			path = "Shuffle CardsTests";
			sourceTree = "<group>";
		};
		BD1767701950AB510000F482 /* Supporting Files */ = {
			isa = PBXGroup;
			children = (
				BD1767711950AB510000F482 /* Shuffle CardsTests-Info.plist */,
				BD1767721950AB510000F482 /* InfoPlist.strings */,
			);
			name = "Supporting Files";
			sourceTree = "<group>";
		};
		BD1767851950B0650000F482 /* Card Pictures */ = {
			isa = PBXGroup;
			children = (
				BD1767861950B0720000F482 /* 0_0.png */,
				BD1767871950B0720000F482 /* 0_1.png */,
				BD1767881950B0720000F482 /* 0_2.png */,
				BD1767891950B0720000F482 /* 0_3.png */,
				BD17678A1950B0720000F482 /* 0_4.png */,
				BD17678B1950B0720000F482 /* 0_5.png */,
				BD17678C1950B0720000F482 /* 0_6.png */,
				BD17678D1950B0720000F482 /* 0_7.png */,
				BD17678E1950B0720000F482 /* 0_8.png */,
				BD17678F1950B0720000F482 /* 0_9.png */,
				BD1767901950B0720000F482 /* 0_10.png */,
				BD1767911950B0720000F482 /* 0_11.png */,
				BD1767921950B0720000F482 /* 0_12.png */,
				BD1767931950B0720000F482 /* 1_0.png */,
				BD1767941950B0720000F482 /* 1_1.png */,
				BD1767951950B0720000F482 /* 1_2.png */,
				BD1767961950B0720000F482 /* 1_3.png */,
				BD1767971950B0720000F482 /* 1_4.png */,
				BD1767981950B0720000F482 /* 1_5.png */,
				BD1767991950B0720000F482 /* 1_6.png */,
				BD17679A1950B0720000F482 /* 1_7.png */,
				BD17679B1950B0720000F482 /* 1_8.png */,
				BD17679C1950B0720000F482 /* 1_9.png */,
				BD17679D1950B0720000F482 /* 1_10.png */,
				BD17679E1950B0720000F482 /* 1_11.png */,
				BD17679F1950B0720000F482 /* 1_12.png */,
				BD1767A01950B0720000F482 /* 2_0.png */,
				BD1767A11950B0720000F482 /* 2_1.png */,
				BD1767A21950B0720000F482 /* 2_2.png */,
				BD1767A31950B0720000F482 /* 2_3.png */,
				BD1767A41950B0720000F482 /* 2_4.png */,
				BD1767A51950B0720000F482 /* 2_5.png */,
				BD1767A61950B0720000F482 /* 2_6.png */,
				BD1767A71950B0720000F482 /* 2_7.png */,
				BD1767A81950B0720000F482 /* 2_8.png */,
				BD1767A91950B0720000F482 /* 2_9.png */,
				BD1767AA1950B0720000F482 /* 2_10.png */,
				BD1767AB1950B0720000F482 /* 2_11.png */,
				BD1767AC1950B0720000F482 /* 2_12.png */,
				BD1767AD1950B0720000F482 /* 3_0.png */,
				BD1767AE1950B0720000F482 /* 3_1.png */,
				BD1767AF1950B0720000F482 /* 3_2.png */,
				BD1767B01950B0720000F482 /* 3_3.png */,
				BD1767B11950B0720000F482 /* 3_4.png */,
				BD1767B21950B0720000F482 /* 3_5.png */,
				BD1767B31950B0720000F482 /* 3_6.png */,
				BD1767B41950B0720000F482 /* 3_7.png */,
				BD1767B51950B0720000F482 /* 3_8.png */,
				BD1767B61950B0720000F482 /* 3_9.png */,
				BD1767B71950B0720000F482 /* 3_10.png */,
				BD1767B81950B0720000F482 /* 3_11.png */,
				BD1767B91950B0720000F482 /* 3_12.png */,
			);
			name = "Card Pictures";
			sourceTree = "<group>";
		};
		BD1767EE1950B08D0000F482 /* ViewController */ = {
			isa = PBXGroup;
			children = (
				BD1767821950AFDD0000F482 /* CardsViewController.h */,
				BD1767831950AFDD0000F482 /* CardsViewController.m */,
			);
			name = ViewController;
			sourceTree = "<group>";
		};
		BD1767EF1950B0A90000F482 /* Model */ = {
			isa = PBXGroup;
			children = (
				BD17677F1950AB7F0000F482 /* Card.h */,
				BD1767801950AB7F0000F482 /* Card.m */,
			);
			name = Model;
			sourceTree = "<group>";
		};
		BD1767F01950B0C30000F482 /* Delegate */ = {
			isa = PBXGroup;
			children = (
				BD17675F1950AB510000F482 /* AppDelegate.h */,
				BD1767601950AB510000F482 /* AppDelegate.m */,
			);
			name = Delegate;
			sourceTree = "<group>";
		};
/* End PBXGroup section */

/* Begin PBXNativeTarget section */
		BD17674C1950AB510000F482 /* Shuffle Cards */ = {
			isa = PBXNativeTarget;
			buildConfigurationList = BD1767791950AB510000F482 /* Build configuration list for PBXNativeTarget "Shuffle Cards" */;
			buildPhases = (
				BD1767491950AB510000F482 /* Sources */,
				BD17674A1950AB510000F482 /* Frameworks */,
				BD17674B1950AB510000F482 /* Resources */,
			);
			buildRules = (
			);
			dependencies = (
			);
			name = "Shuffle Cards";
			productName = "Shuffle Cards";
			productReference = BD17674D1950AB510000F482 /* Shuffle Cards.app */;
			productType = "com.apple.product-type.application";
		};
		BD1767671950AB510000F482 /* Shuffle CardsTests */ = {
			isa = PBXNativeTarget;
			buildConfigurationList = BD17677C1950AB510000F482 /* Build configuration list for PBXNativeTarget "Shuffle CardsTests" */;
			buildPhases = (
				BD1767641950AB510000F482 /* Sources */,
				BD1767651950AB510000F482 /* Frameworks */,
				BD1767661950AB510000F482 /* Resources */,
			);
			buildRules = (
			);
			dependencies = (
				BD17676E1950AB510000F482 /* PBXTargetDependency */,
			);
			name = "Shuffle CardsTests";
			productName = "Shuffle CardsTests";
			productReference = BD1767681950AB510000F482 /* Shuffle CardsTests.xctest */;
			productType = "com.apple.product-type.bundle.unit-test";
		};
/* End PBXNativeTarget section */

/* Begin PBXProject section */
		BD1767451950AB510000F482 /* Project object */ = {
			isa = PBXProject;
			attributes = {
				LastUpgradeCheck = 0510;
				ORGANIZATIONNAME = "Rohan Aurora";
				TargetAttributes = {
					BD1767671950AB510000F482 = {
						TestTargetID = BD17674C1950AB510000F482;
					};
				};
			};
			buildConfigurationList = BD1767481950AB510000F482 /* Build configuration list for PBXProject "Shuffle Cards" */;
			compatibilityVersion = "Xcode 3.2";
			developmentRegion = English;
			hasScannedForEncodings = 0;
			knownRegions = (
				en,
			);
			mainGroup = BD1767441950AB510000F482;
			productRefGroup = BD17674E1950AB510000F482 /* Products */;
			projectDirPath = "";
			projectRoot = "";
			targets = (
				BD17674C1950AB510000F482 /* Shuffle Cards */,
				BD1767671950AB510000F482 /* Shuffle CardsTests */,
			);
		};
/* End PBXProject section */

/* Begin PBXResourcesBuildPhase section */
		BD17674B1950AB510000F482 /* Resources */ = {
			isa = PBXResourcesBuildPhase;
			buildActionMask = 2147483647;
			files = (
				BD1767ED1950B0720000F482 /* 3_12.png in Resources */,
				BD1767E51950B0720000F482 /* 3_4.png in Resources */,
				BD1767EC1950B0720000F482 /* 3_11.png in Resources */,
				BD1767E21950B0720000F482 /* 3_1.png in Resources */,
				BD1767D21950B0720000F482 /* 1_11.png in Resources */,
				BD1767C91950B0720000F482 /* 1_2.png in Resources */,
				BD1767E01950B0720000F482 /* 2_12.png in Resources */,
				BD1767CE1950B0720000F482 /* 1_7.png in Resources */,
				BD1767E91950B0720000F482 /* 3_8.png in Resources */,
				BD1767DE1950B0720000F482 /* 2_10.png in Resources */,
				BD1767C41950B0720000F482 /* 0_10.png in Resources */,
				BD1767D61950B0720000F482 /* 2_2.png in Resources */,
				BD1767C01950B0720000F482 /* 0_6.png in Resources */,
				BD1767BD1950B0720000F482 /* 0_3.png in Resources */,
				BD1767DA1950B0720000F482 /* 2_6.png in Resources */,
				BD1767D31950B0720000F482 /* 1_12.png in Resources */,
				BD1767BA1950B0720000F482 /* 0_0.png in Resources */,
				BD1767C81950B0720000F482 /* 1_1.png in Resources */,
				BD17675B1950AB510000F482 /* InfoPlist.strings in Resources */,
				BD1767D11950B0720000F482 /* 1_10.png in Resources */,
				BD1767C21950B0720000F482 /* 0_8.png in Resources */,
				BD1767E71950B0720000F482 /* 3_6.png in Resources */,
				BD1767D51950B0720000F482 /* 2_1.png in Resources */,
				BD1767C51950B0720000F482 /* 0_11.png in Resources */,
				BD1767DD1950B0720000F482 /* 2_9.png in Resources */,
				BD1767C11950B0720000F482 /* 0_7.png in Resources */,
				BD1767E61950B0720000F482 /* 3_5.png in Resources */,
				BD1767CD1950B0720000F482 /* 1_6.png in Resources */,
				BD1767E31950B0720000F482 /* 3_2.png in Resources */,
				BD1767DB1950B0720000F482 /* 2_7.png in Resources */,
				BD1767C31950B0720000F482 /* 0_9.png in Resources */,
				BD1767DF1950B0720000F482 /* 2_11.png in Resources */,
				BD1767DC1950B0720000F482 /* 2_8.png in Resources */,
				BD1767BE1950B0720000F482 /* 0_4.png in Resources */,
				BD1767CC1950B0720000F482 /* 1_5.png in Resources */,
				BD1767C71950B0720000F482 /* 1_0.png in Resources */,
				BD1767BB1950B0720000F482 /* 0_1.png in Resources */,
				BD1767CA1950B0720000F482 /* 1_3.png in Resources */,
				BD1767E11950B0720000F482 /* 3_0.png in Resources */,
				BD1767D01950B0720000F482 /* 1_9.png in Resources */,
				BD1767CF1950B0720000F482 /* 1_8.png in Resources */,
				BD1767631950AB510000F482 /* Images.xcassets in Resources */,
				BD1767E41950B0720000F482 /* 3_3.png in Resources */,
				BD1767D91950B0720000F482 /* 2_5.png in Resources */,
				BD1767C61950B0720000F482 /* 0_12.png in Resources */,
				BD1767D81950B0720000F482 /* 2_4.png in Resources */,
				BD1767BF1950B0720000F482 /* 0_5.png in Resources */,
				BD1767E81950B0720000F482 /* 3_7.png in Resources */,
				BD1767CB1950B0720000F482 /* 1_4.png in Resources */,
				BD1767D41950B0720000F482 /* 2_0.png in Resources */,
				BD1767EA1950B0720000F482 /* 3_9.png in Resources */,
				BD1767D71950B0720000F482 /* 2_3.png in Resources */,
				BD1767EB1950B0720000F482 /* 3_10.png in Resources */,
				BD1767BC1950B0720000F482 /* 0_2.png in Resources */,
			);
			runOnlyForDeploymentPostprocessing = 0;
		};
		BD1767661950AB510000F482 /* Resources */ = {
			isa = PBXResourcesBuildPhase;
			buildActionMask = 2147483647;
			files = (
				BD1767741950AB510000F482 /* InfoPlist.strings in Resources */,
			);
			runOnlyForDeploymentPostprocessing = 0;
		};
/* End PBXResourcesBuildPhase section */

/* Begin PBXSourcesBuildPhase section */
		BD1767491950AB510000F482 /* Sources */ = {
			isa = PBXSourcesBuildPhase;
			buildActionMask = 2147483647;
			files = (
				BD1767841950AFDD0000F482 /* CardsViewController.m in Sources */,
				BD1767611950AB510000F482 /* AppDelegate.m in Sources */,
				BD17675D1950AB510000F482 /* main.m in Sources */,
				BD1767811950AB7F0000F482 /* Card.m in Sources */,
			);
			runOnlyForDeploymentPostprocessing = 0;
		};
		BD1767641950AB510000F482 /* Sources */ = {
			isa = PBXSourcesBuildPhase;
			buildActionMask = 2147483647;
			files = (
				BD1767761950AB510000F482 /* Shuffle_CardsTests.m in Sources */,
			);
			runOnlyForDeploymentPostprocessing = 0;
		};
/* End PBXSourcesBuildPhase section */

/* Begin PBXTargetDependency section */
		BD17676E1950AB510000F482 /* PBXTargetDependency */ = {
			isa = PBXTargetDependency;
			target = BD17674C1950AB510000F482 /* Shuffle Cards */;
			targetProxy = BD17676D1950AB510000F482 /* PBXContainerItemProxy */;
		};
/* End PBXTargetDependency section */

/* Begin PBXVariantGroup section */
		BD1767591950AB510000F482 /* InfoPlist.strings */ = {
			isa = PBXVariantGroup;
			children = (
				BD17675A1950AB510000F482 /* en */,
			);
			name = InfoPlist.strings;
			sourceTree = "<group>";
		};
		BD1767721950AB510000F482 /* InfoPlist.strings */ = {
			isa = PBXVariantGroup;
			children = (
				BD1767731950AB510000F482 /* en */,
			);
			name = InfoPlist.strings;
			sourceTree = "<group>";
		};
/* End PBXVariantGroup section */

/* Begin XCBuildConfiguration section */
		BD1767771950AB510000F482 /* Debug */ = {
			isa = XCBuildConfiguration;
			buildSettings = {
				ALWAYS_SEARCH_USER_PATHS = NO;
				CLANG_CXX_LANGUAGE_STANDARD = "gnu++0x";
				CLANG_CXX_LIBRARY = "libc++";
				CLANG_ENABLE_MODULES = YES;
				CLANG_ENABLE_OBJC_ARC = YES;
				CLANG_WARN_BOOL_CONVERSION = YES;
				CLANG_WARN_CONSTANT_CONVERSION = YES;
				CLANG_WARN_DIRECT_OBJC_ISA_USAGE = YES_ERROR;
				CLANG_WARN_EMPTY_BODY = YES;
				CLANG_WARN_ENUM_CONVERSION = YES;
				CLANG_WARN_INT_CONVERSION = YES;
				CLANG_WARN_OBJC_ROOT_CLASS = YES_ERROR;
				CLANG_WARN__DUPLICATE_METHOD_MATCH = YES;
				"CODE_SIGN_IDENTITY[sdk=iphoneos*]" = "iPhone Developer";
				COPY_PHASE_STRIP = NO;
				GCC_C_LANGUAGE_STANDARD = gnu99;
				GCC_DYNAMIC_NO_PIC = NO;
				GCC_OPTIMIZATION_LEVEL = 0;
				GCC_PREPROCESSOR_DEFINITIONS = (
					"DEBUG=1",
					"$(inherited)",
				);
				GCC_SYMBOLS_PRIVATE_EXTERN = NO;
				GCC_WARN_64_TO_32_BIT_CONVERSION = YES;
				GCC_WARN_ABOUT_RETURN_TYPE = YES_ERROR;
				GCC_WARN_UNDECLARED_SELECTOR = YES;
				GCC_WARN_UNINITIALIZED_AUTOS = YES_AGGRESSIVE;
				GCC_WARN_UNUSED_FUNCTION = YES;
				GCC_WARN_UNUSED_VARIABLE = YES;
				IPHONEOS_DEPLOYMENT_TARGET = 7.1;
				ONLY_ACTIVE_ARCH = YES;
				SDKROOT = iphoneos;
			};
			name = Debug;
		};
		BD1767781950AB510000F482 /* Release */ = {
			isa = XCBuildConfiguration;
			buildSettings = {
				ALWAYS_SEARCH_USER_PATHS = NO;
				CLANG_CXX_LANGUAGE_STANDARD = "gnu++0x";
				CLANG_CXX_LIBRARY = "libc++";
				CLANG_ENABLE_MODULES = YES;
				CLANG_ENABLE_OBJC_ARC = YES;
				CLANG_WARN_BOOL_CONVERSION = YES;
				CLANG_WARN_CONSTANT_CONVERSION = YES;
				CLANG_WARN_DIRECT_OBJC_ISA_USAGE = YES_ERROR;
				CLANG_WARN_EMPTY_BODY = YES;
				CLANG_WARN_ENUM_CONVERSION = YES;
				CLANG_WARN_INT_CONVERSION = YES;
				CLANG_WARN_OBJC_ROOT_CLASS = YES_ERROR;
				CLANG_WARN__DUPLICATE_METHOD_MATCH = YES;
				"CODE_SIGN_IDENTITY[sdk=iphoneos*]" = "iPhone Developer";
				COPY_PHASE_STRIP = YES;
				ENABLE_NS_ASSERTIONS = NO;
				GCC_C_LANGUAGE_STANDARD = gnu99;
				GCC_WARN_64_TO_32_BIT_CONVERSION = YES;
				GCC_WARN_ABOUT_RETURN_TYPE = YES_ERROR;
				GCC_WARN_UNDECLARED_SELECTOR = YES;
				GCC_WARN_UNINITIALIZED_AUTOS = YES_AGGRESSIVE;
				GCC_WARN_UNUSED_FUNCTION = YES;
				GCC_WARN_UNUSED_VARIABLE = YES;
				IPHONEOS_DEPLOYMENT_TARGET = 7.1;
				SDKROOT = iphoneos;
				VALIDATE_PRODUCT = YES;
			};
			name = Release;
		};
		BD17677A1950AB510000F482 /* Debug */ = {
			isa = XCBuildConfiguration;
			buildSettings = {
				ASSETCATALOG_COMPILER_APPICON_NAME = AppIcon;
				ASSETCATALOG_COMPILER_LAUNCHIMAGE_NAME = LaunchImage;
				GCC_PRECOMPILE_PREFIX_HEADER = YES;
				GCC_PREFIX_HEADER = "Shuffle Cards/Shuffle Cards-Prefix.pch";
				INFOPLIST_FILE = "Shuffle Cards/Shuffle Cards-Info.plist";
				PRODUCT_NAME = "$(TARGET_NAME)";
				WRAPPER_EXTENSION = app;
			};
			name = Debug;
		};
		BD17677B1950AB510000F482 /* Release */ = {
			isa = XCBuildConfiguration;
			buildSettings = {
				ASSETCATALOG_COMPILER_APPICON_NAME = AppIcon;
				ASSETCATALOG_COMPILER_LAUNCHIMAGE_NAME = LaunchImage;
				GCC_PRECOMPILE_PREFIX_HEADER = YES;
				GCC_PREFIX_HEADER = "Shuffle Cards/Shuffle Cards-Prefix.pch";
				INFOPLIST_FILE = "Shuffle Cards/Shuffle Cards-Info.plist";
				PRODUCT_NAME = "$(TARGET_NAME)";
				WRAPPER_EXTENSION = app;
			};
			name = Release;
		};
		BD17677D1950AB510000F482 /* Debug */ = {
			isa = XCBuildConfiguration;
			buildSettings = {
				BUNDLE_LOADER = "$(BUILT_PRODUCTS_DIR)/Shuffle Cards.app/Shuffle Cards";
				FRAMEWORK_SEARCH_PATHS = (
					"$(SDKROOT)/Developer/Library/Frameworks",
					"$(inherited)",
					"$(DEVELOPER_FRAMEWORKS_DIR)",
				);
				GCC_PRECOMPILE_PREFIX_HEADER = YES;
				GCC_PREFIX_HEADER = "Shuffle Cards/Shuffle Cards-Prefix.pch";
				GCC_PREPROCESSOR_DEFINITIONS = (
					"DEBUG=1",
					"$(inherited)",
				);
				INFOPLIST_FILE = "Shuffle CardsTests/Shuffle CardsTests-Info.plist";
				PRODUCT_NAME = "$(TARGET_NAME)";
				TEST_HOST = "$(BUNDLE_LOADER)";
				WRAPPER_EXTENSION = xctest;
			};
			name = Debug;
		};
		BD17677E1950AB510000F482 /* Release */ = {
			isa = XCBuildConfiguration;
			buildSettings = {
				BUNDLE_LOADER = "$(BUILT_PRODUCTS_DIR)/Shuffle Cards.app/Shuffle Cards";
				FRAMEWORK_SEARCH_PATHS = (
					"$(SDKROOT)/Developer/Library/Frameworks",
					"$(inherited)",
					"$(DEVELOPER_FRAMEWORKS_DIR)",
				);
				GCC_PRECOMPILE_PREFIX_HEADER = YES;
				GCC_PREFIX_HEADER = "Shuffle Cards/Shuffle Cards-Prefix.pch";
				INFOPLIST_FILE = "Shuffle CardsTests/Shuffle CardsTests-Info.plist";
				PRODUCT_NAME = "$(TARGET_NAME)";
				TEST_HOST = "$(BUNDLE_LOADER)";
				WRAPPER_EXTENSION = xctest;
			};
			name = Release;
		};
/* End XCBuildConfiguration section */

/* Begin XCConfigurationList section */
		BD1767481950AB510000F482 /* Build configuration list for PBXProject "Shuffle Cards" */ = {
			isa = XCConfigurationList;
			buildConfigurations = (
				BD1767771950AB510000F482 /* Debug */,
				BD1767781950AB510000F482 /* Release */,
			);
			defaultConfigurationIsVisible = 0;
			defaultConfigurationName = Release;
		};
		BD1767791950AB510000F482 /* Build configuration list for PBXNativeTarget "Shuffle Cards" */ = {
			isa = XCConfigurationList;
			buildConfigurations = (
				BD17677A1950AB510000F482 /* Debug */,
				BD17677B1950AB510000F482 /* Release */,
			);
			defaultConfigurationIsVisible = 0;
			defaultConfigurationName = Release;
		};
		BD17677C1950AB510000F482 /* Build configuration list for PBXNativeTarget "Shuffle CardsTests" */ = {
			isa = XCConfigurationList;
			buildConfigurations = (
				BD17677D1950AB510000F482 /* Debug */,
				BD17677E1950AB510000F482 /* Release */,
			);
			defaultConfigurationIsVisible = 0;
			defaultConfigurationName = Release;
		};
/* End XCConfigurationList section */
	};
	rootObject = BD1767451950AB510000F482 /* Project object */;
}
