// !$*UTF8*$!
{
	archiveVersion = 1;
	classes = {
	};
	objectVersion = 46;
	objects = {

/* Begin PBXBuildFile section */
		BD1082EE194FA876002026B5 /* Foundation.framework in Frameworks */ = {isa = PBXBuildFile; fileRef = BD1082ED194FA876002026B5 /* Foundation.framework */; };
		BD1082F0194FA876002026B5 /* CoreGraphics.framework in Frameworks */ = {isa = PBXBuildFile; fileRef = BD1082EF194FA876002026B5 /* CoreGraphics.framework */; };
		BD1082F2194FA876002026B5 /* UIKit.framework in Frameworks */ = {isa = PBXBuildFile; fileRef = BD1082F1194FA876002026B5 /* UIKit.framework */; };
		BD1082F8194FA876002026B5 /* InfoPlist.strings in Resources */ = {isa = PBXBuildFile; fileRef = BD1082F6194FA876002026B5 /* InfoPlist.strings */; };
		BD1082FA194FA876002026B5 /* main.m in Sources */ = {isa = PBXBuildFile; fileRef = BD1082F9194FA876002026B5 /* main.m */; };
		BD1082FE194FA876002026B5 /* AppDelegate.m in Sources */ = {isa = PBXBuildFile; fileRef = BD1082FD194FA876002026B5 /* AppDelegate.m */; };
		BD108300194FA876002026B5 /* Images.xcassets in Resources */ = {isa = PBXBuildFile; fileRef = BD1082FF194FA876002026B5 /* Images.xcassets */; };
		BD108307194FA876002026B5 /* XCTest.framework in Frameworks */ = {isa = PBXBuildFile; fileRef = BD108306194FA876002026B5 /* XCTest.framework */; };
		BD108308194FA876002026B5 /* Foundation.framework in Frameworks */ = {isa = PBXBuildFile; fileRef = BD1082ED194FA876002026B5 /* Foundation.framework */; };
		BD108309194FA876002026B5 /* UIKit.framework in Frameworks */ = {isa = PBXBuildFile; fileRef = BD1082F1194FA876002026B5 /* UIKit.framework */; };
		BD108311194FA876002026B5 /* InfoPlist.strings in Resources */ = {isa = PBXBuildFile; fileRef = BD10830F194FA876002026B5 /* InfoPlist.strings */; };
		BD108313194FA876002026B5 /* Card_PuzzleTests.m in Sources */ = {isa = PBXBuildFile; fileRef = BD108312194FA876002026B5 /* Card_PuzzleTests.m */; };
		BD10833E194FC485002026B5 /* Cards.m in Sources */ = {isa = PBXBuildFile; fileRef = BD10833D194FC485002026B5 /* Cards.m */; };
		BD108341194FCF41002026B5 /* CardsDeck.m in Sources */ = {isa = PBXBuildFile; fileRef = BD108340194FCF41002026B5 /* CardsDeck.m */; };
/* End PBXBuildFile section */

/* Begin PBXContainerItemProxy section */
		BD10830A194FA876002026B5 /* PBXContainerItemProxy */ = {
			isa = PBXContainerItemProxy;
			containerPortal = BD1082E2194FA876002026B5 /* Project object */;
			proxyType = 1;
			remoteGlobalIDString = BD1082E9194FA876002026B5;
			remoteInfo = "Card Puzzle";
		};
/* End PBXContainerItemProxy section */

/* Begin PBXFileReference section */
		BD1082EA194FA876002026B5 /* Card Puzzle.app */ = {isa = PBXFileReference; explicitFileType = wrapper.application; includeInIndex = 0; path = "Card Puzzle.app"; sourceTree = BUILT_PRODUCTS_DIR; };
		BD1082ED194FA876002026B5 /* Foundation.framework */ = {isa = PBXFileReference; lastKnownFileType = wrapper.framework; name = Foundation.framework; path = System/Library/Frameworks/Foundation.framework; sourceTree = SDKROOT; };
		BD1082EF194FA876002026B5 /* CoreGraphics.framework */ = {isa = PBXFileReference; lastKnownFileType = wrapper.framework; name = CoreGraphics.framework; path = System/Library/Frameworks/CoreGraphics.framework; sourceTree = SDKROOT; };
		BD1082F1194FA876002026B5 /* UIKit.framework */ = {isa = PBXFileReference; lastKnownFileType = wrapper.framework; name = UIKit.framework; path = System/Library/Frameworks/UIKit.framework; sourceTree = SDKROOT; };
		BD1082F5194FA876002026B5 /* Card Puzzle-Info.plist */ = {isa = PBXFileReference; lastKnownFileType = text.plist.xml; path = "Card Puzzle-Info.plist"; sourceTree = "<group>"; };
		BD1082F7194FA876002026B5 /* en */ = {isa = PBXFileReference; lastKnownFileType = text.plist.strings; name = en; path = en.lproj/InfoPlist.strings; sourceTree = "<group>"; };
		BD1082F9194FA876002026B5 /* main.m */ = {isa = PBXFileReference; lastKnownFileType = sourcecode.c.objc; path = main.m; sourceTree = "<group>"; };
		BD1082FB194FA876002026B5 /* Card Puzzle-Prefix.pch */ = {isa = PBXFileReference; lastKnownFileType = sourcecode.c.h; path = "Card Puzzle-Prefix.pch"; sourceTree = "<group>"; };
		BD1082FC194FA876002026B5 /* AppDelegate.h */ = {isa = PBXFileReference; lastKnownFileType = sourcecode.c.h; path = AppDelegate.h; sourceTree = "<group>"; };
		BD1082FD194FA876002026B5 /* AppDelegate.m */ = {isa = PBXFileReference; lastKnownFileType = sourcecode.c.objc; path = AppDelegate.m; sourceTree = "<group>"; };
		BD1082FF194FA876002026B5 /* Images.xcassets */ = {isa = PBXFileReference; lastKnownFileType = folder.assetcatalog; path = Images.xcassets; sourceTree = "<group>"; };
		BD108305194FA876002026B5 /* Card PuzzleTests.xctest */ = {isa = PBXFileReference; explicitFileType = wrapper.cfbundle; includeInIndex = 0; path = "Card PuzzleTests.xctest"; sourceTree = BUILT_PRODUCTS_DIR; };
		BD108306194FA876002026B5 /* XCTest.framework */ = {isa = PBXFileReference; lastKnownFileType = wrapper.framework; name = XCTest.framework; path = Library/Frameworks/XCTest.framework; sourceTree = DEVELOPER_DIR; };
		BD10830E194FA876002026B5 /* Card PuzzleTests-Info.plist */ = {isa = PBXFileReference; lastKnownFileType = text.plist.xml; path = "Card PuzzleTests-Info.plist"; sourceTree = "<group>"; };
		BD108310194FA876002026B5 /* en */ = {isa = PBXFileReference; lastKnownFileType = text.plist.strings; name = en; path = en.lproj/InfoPlist.strings; sourceTree = "<group>"; };
		BD108312194FA876002026B5 /* Card_PuzzleTests.m */ = {isa = PBXFileReference; lastKnownFileType = sourcecode.c.objc; path = Card_PuzzleTests.m; sourceTree = "<group>"; };
		BD10833C194FC485002026B5 /* Cards.h */ = {isa = PBXFileReference; fileEncoding = 4; lastKnownFileType = sourcecode.c.h; name = Cards.h; path = ../Cards.h; sourceTree = "<group>"; };
		BD10833D194FC485002026B5 /* Cards.m */ = {isa = PBXFileReference; fileEncoding = 4; lastKnownFileType = sourcecode.c.objc; name = Cards.m; path = ../Cards.m; sourceTree = "<group>"; };
		BD10833F194FCF41002026B5 /* CardsDeck.h */ = {isa = PBXFileReference; fileEncoding = 4; lastKnownFileType = sourcecode.c.h; path = CardsDeck.h; sourceTree = "<group>"; };
		BD108340194FCF41002026B5 /* CardsDeck.m */ = {isa = PBXFileReference; fileEncoding = 4; lastKnownFileType = sourcecode.c.objc; path = CardsDeck.m; sourceTree = "<group>"; };
/* End PBXFileReference section */

/* Begin PBXFrameworksBuildPhase section */
		BD1082E7194FA876002026B5 /* Frameworks */ = {
			isa = PBXFrameworksBuildPhase;
			buildActionMask = 2147483647;
			files = (
				BD1082F0194FA876002026B5 /* CoreGraphics.framework in Frameworks */,
				BD1082F2194FA876002026B5 /* UIKit.framework in Frameworks */,
				BD1082EE194FA876002026B5 /* Foundation.framework in Frameworks */,
			);
			runOnlyForDeploymentPostprocessing = 0;
		};
		BD108302194FA876002026B5 /* Frameworks */ = {
			isa = PBXFrameworksBuildPhase;
			buildActionMask = 2147483647;
			files = (
				BD108307194FA876002026B5 /* XCTest.framework in Frameworks */,
				BD108309194FA876002026B5 /* UIKit.framework in Frameworks */,
				BD108308194FA876002026B5 /* Foundation.framework in Frameworks */,
			);
			runOnlyForDeploymentPostprocessing = 0;
		};
/* End PBXFrameworksBuildPhase section */

/* Begin PBXGroup section */
		BD1082E1194FA876002026B5 = {
			isa = PBXGroup;
			children = (
				BD1082F3194FA876002026B5 /* Card Puzzle */,
				BD10830C194FA876002026B5 /* Card PuzzleTests */,
				BD1082EC194FA876002026B5 /* Frameworks */,
				BD1082EB194FA876002026B5 /* Products */,
			);
			sourceTree = "<group>";
		};
		BD1082EB194FA876002026B5 /* Products */ = {
			isa = PBXGroup;
			children = (
				BD1082EA194FA876002026B5 /* Card Puzzle.app */,
				BD108305194FA876002026B5 /* Card PuzzleTests.xctest */,
			);
			name = Products;
			sourceTree = "<group>";
		};
		BD1082EC194FA876002026B5 /* Frameworks */ = {
			isa = PBXGroup;
			children = (
				BD1082ED194FA876002026B5 /* Foundation.framework */,
				BD1082EF194FA876002026B5 /* CoreGraphics.framework */,
				BD1082F1194FA876002026B5 /* UIKit.framework */,
				BD108306194FA876002026B5 /* XCTest.framework */,
			);
			name = Frameworks;
			sourceTree = "<group>";
		};
		BD1082F3194FA876002026B5 /* Card Puzzle */ = {
			isa = PBXGroup;
			children = (
				BD1082FD194FA876002026B5 /* AppDelegate.m */,
				BD1082FC194FA876002026B5 /* AppDelegate.h */,
				BD10833C194FC485002026B5 /* Cards.h */,
				BD10833D194FC485002026B5 /* Cards.m */,
				BD10833F194FCF41002026B5 /* CardsDeck.h */,
				BD108340194FCF41002026B5 /* CardsDeck.m */,
				BD1082FF194FA876002026B5 /* Images.xcassets */,
				BD1082F4194FA876002026B5 /* Supporting Files */,
			);
			path = "Card Puzzle";
			sourceTree = "<group>";
		};
		BD1082F4194FA876002026B5 /* Supporting Files */ = {
			isa = PBXGroup;
			children = (
				BD1082F5194FA876002026B5 /* Card Puzzle-Info.plist */,
				BD1082F6194FA876002026B5 /* InfoPlist.strings */,
				BD1082F9194FA876002026B5 /* main.m */,
				BD1082FB194FA876002026B5 /* Card Puzzle-Prefix.pch */,
			);
			name = "Supporting Files";
			sourceTree = "<group>";
		};
		BD10830C194FA876002026B5 /* Card PuzzleTests */ = {
			isa = PBXGroup;
			children = (
				BD108312194FA876002026B5 /* Card_PuzzleTests.m */,
				BD10830D194FA876002026B5 /* Supporting Files */,
			);
			path = "Card PuzzleTests";
			sourceTree = "<group>";
		};
		BD10830D194FA876002026B5 /* Supporting Files */ = {
			isa = PBXGroup;
			children = (
				BD10830E194FA876002026B5 /* Card PuzzleTests-Info.plist */,
				BD10830F194FA876002026B5 /* InfoPlist.strings */,
			);
			name = "Supporting Files";
			sourceTree = "<group>";
		};
/* End PBXGroup section */

/* Begin PBXNativeTarget section */
		BD1082E9194FA876002026B5 /* Card Puzzle */ = {
			isa = PBXNativeTarget;
			buildConfigurationList = BD108316194FA876002026B5 /* Build configuration list for PBXNativeTarget "Card Puzzle" */;
			buildPhases = (
				BD1082E6194FA876002026B5 /* Sources */,
				BD1082E7194FA876002026B5 /* Frameworks */,
				BD1082E8194FA876002026B5 /* Resources */,
			);
			buildRules = (
			);
			dependencies = (
			);
			name = "Card Puzzle";
			productName = "Card Puzzle";
			productReference = BD1082EA194FA876002026B5 /* Card Puzzle.app */;
			productType = "com.apple.product-type.application";
		};
		BD108304194FA876002026B5 /* Card PuzzleTests */ = {
			isa = PBXNativeTarget;
			buildConfigurationList = BD108319194FA876002026B5 /* Build configuration list for PBXNativeTarget "Card PuzzleTests" */;
			buildPhases = (
				BD108301194FA876002026B5 /* Sources */,
				BD108302194FA876002026B5 /* Frameworks */,
				BD108303194FA876002026B5 /* Resources */,
			);
			buildRules = (
			);
			dependencies = (
				BD10830B194FA876002026B5 /* PBXTargetDependency */,
			);
			name = "Card PuzzleTests";
			productName = "Card PuzzleTests";
			productReference = BD108305194FA876002026B5 /* Card PuzzleTests.xctest */;
			productType = "com.apple.product-type.bundle.unit-test";
		};
/* End PBXNativeTarget section */

/* Begin PBXProject section */
		BD1082E2194FA876002026B5 /* Project object */ = {
			isa = PBXProject;
			attributes = {
				LastUpgradeCheck = 0510;
				ORGANIZATIONNAME = "Rohan Aurora";
				TargetAttributes = {
					BD108304194FA876002026B5 = {
						TestTargetID = BD1082E9194FA876002026B5;
					};
				};
			};
			buildConfigurationList = BD1082E5194FA876002026B5 /* Build configuration list for PBXProject "Card Puzzle" */;
			compatibilityVersion = "Xcode 3.2";
			developmentRegion = English;
			hasScannedForEncodings = 0;
			knownRegions = (
				en,
			);
			mainGroup = BD1082E1194FA876002026B5;
			productRefGroup = BD1082EB194FA876002026B5 /* Products */;
			projectDirPath = "";
			projectRoot = "";
			targets = (
				BD1082E9194FA876002026B5 /* Card Puzzle */,
				BD108304194FA876002026B5 /* Card PuzzleTests */,
			);
		};
/* End PBXProject section */

/* Begin PBXResourcesBuildPhase section */
		BD1082E8194FA876002026B5 /* Resources */ = {
			isa = PBXResourcesBuildPhase;
			buildActionMask = 2147483647;
			files = (
				BD1082F8194FA876002026B5 /* InfoPlist.strings in Resources */,
				BD108300194FA876002026B5 /* Images.xcassets in Resources */,
			);
			runOnlyForDeploymentPostprocessing = 0;
		};
		BD108303194FA876002026B5 /* Resources */ = {
			isa = PBXResourcesBuildPhase;
			buildActionMask = 2147483647;
			files = (
				BD108311194FA876002026B5 /* InfoPlist.strings in Resources */,
			);
			runOnlyForDeploymentPostprocessing = 0;
		};
/* End PBXResourcesBuildPhase section */

/* Begin PBXSourcesBuildPhase section */
		BD1082E6194FA876002026B5 /* Sources */ = {
			isa = PBXSourcesBuildPhase;
			buildActionMask = 2147483647;
			files = (
				BD10833E194FC485002026B5 /* Cards.m in Sources */,
				BD1082FE194FA876002026B5 /* AppDelegate.m in Sources */,
				BD108341194FCF41002026B5 /* CardsDeck.m in Sources */,
				BD1082FA194FA876002026B5 /* main.m in Sources */,
			);
			runOnlyForDeploymentPostprocessing = 0;
		};
		BD108301194FA876002026B5 /* Sources */ = {
			isa = PBXSourcesBuildPhase;
			buildActionMask = 2147483647;
			files = (
				BD108313194FA876002026B5 /* Card_PuzzleTests.m in Sources */,
			);
			runOnlyForDeploymentPostprocessing = 0;
		};
/* End PBXSourcesBuildPhase section */

/* Begin PBXTargetDependency section */
		BD10830B194FA876002026B5 /* PBXTargetDependency */ = {
			isa = PBXTargetDependency;
			target = BD1082E9194FA876002026B5 /* Card Puzzle */;
			targetProxy = BD10830A194FA876002026B5 /* PBXContainerItemProxy */;
		};
/* End PBXTargetDependency section */

/* Begin PBXVariantGroup section */
		BD1082F6194FA876002026B5 /* InfoPlist.strings */ = {
			isa = PBXVariantGroup;
			children = (
				BD1082F7194FA876002026B5 /* en */,
			);
			name = InfoPlist.strings;
			sourceTree = "<group>";
		};
		BD10830F194FA876002026B5 /* InfoPlist.strings */ = {
			isa = PBXVariantGroup;
			children = (
				BD108310194FA876002026B5 /* en */,
			);
			name = InfoPlist.strings;
			sourceTree = "<group>";
		};
/* End PBXVariantGroup section */

/* Begin XCBuildConfiguration section */
		BD108314194FA876002026B5 /* Debug */ = {
			isa = XCBuildConfiguration;
			buildSettings = {
				ALWAYS_SEARCH_USER_PATHS = NO;
				CLANG_CXX_LANGUAGE_STANDARD = "gnu++0x";
				CLANG_CXX_LIBRARY = "libc++";
				CLANG_ENABLE_MODULES = YES;
				CLANG_ENABLE_OBJC_ARC = YES;
				CLANG_WARN_BOOL_CONVERSION = YES;
				CLANG_WARN_CONSTANT_CONVERSION = YES;
				CLANG_WARN_DIRECT_OBJC_ISA_USAGE = YES_ERROR;
				CLANG_WARN_EMPTY_BODY = YES;
				CLANG_WARN_ENUM_CONVERSION = YES;
				CLANG_WARN_INT_CONVERSION = YES;
				CLANG_WARN_OBJC_ROOT_CLASS = YES_ERROR;
				CLANG_WARN__DUPLICATE_METHOD_MATCH = YES;
				"CODE_SIGN_IDENTITY[sdk=iphoneos*]" = "iPhone Developer";
				COPY_PHASE_STRIP = NO;
				GCC_C_LANGUAGE_STANDARD = gnu99;
				GCC_DYNAMIC_NO_PIC = NO;
				GCC_OPTIMIZATION_LEVEL = 0;
				GCC_PREPROCESSOR_DEFINITIONS = (
					"DEBUG=1",
					"$(inherited)",
				);
				GCC_SYMBOLS_PRIVATE_EXTERN = NO;
				GCC_WARN_64_TO_32_BIT_CONVERSION = YES;
				GCC_WARN_ABOUT_RETURN_TYPE = YES_ERROR;
				GCC_WARN_UNDECLARED_SELECTOR = YES;
				GCC_WARN_UNINITIALIZED_AUTOS = YES_AGGRESSIVE;
				GCC_WARN_UNUSED_FUNCTION = YES;
				GCC_WARN_UNUSED_VARIABLE = YES;
				IPHONEOS_DEPLOYMENT_TARGET = 7.1;
				ONLY_ACTIVE_ARCH = YES;
				SDKROOT = iphoneos;
			};
			name = Debug;
		};
		BD108315194FA876002026B5 /* Release */ = {
			isa = XCBuildConfiguration;
			buildSettings = {
				ALWAYS_SEARCH_USER_PATHS = NO;
				CLANG_CXX_LANGUAGE_STANDARD = "gnu++0x";
				CLANG_CXX_LIBRARY = "libc++";
				CLANG_ENABLE_MODULES = YES;
				CLANG_ENABLE_OBJC_ARC = YES;
				CLANG_WARN_BOOL_CONVERSION = YES;
				CLANG_WARN_CONSTANT_CONVERSION = YES;
				CLANG_WARN_DIRECT_OBJC_ISA_USAGE = YES_ERROR;
				CLANG_WARN_EMPTY_BODY = YES;
				CLANG_WARN_ENUM_CONVERSION = YES;
				CLANG_WARN_INT_CONVERSION = YES;
				CLANG_WARN_OBJC_ROOT_CLASS = YES_ERROR;
				CLANG_WARN__DUPLICATE_METHOD_MATCH = YES;
				"CODE_SIGN_IDENTITY[sdk=iphoneos*]" = "iPhone Developer";
				COPY_PHASE_STRIP = YES;
				ENABLE_NS_ASSERTIONS = NO;
				GCC_C_LANGUAGE_STANDARD = gnu99;
				GCC_WARN_64_TO_32_BIT_CONVERSION = YES;
				GCC_WARN_ABOUT_RETURN_TYPE = YES_ERROR;
				GCC_WARN_UNDECLARED_SELECTOR = YES;
				GCC_WARN_UNINITIALIZED_AUTOS = YES_AGGRESSIVE;
				GCC_WARN_UNUSED_FUNCTION = YES;
				GCC_WARN_UNUSED_VARIABLE = YES;
				IPHONEOS_DEPLOYMENT_TARGET = 7.1;
				SDKROOT = iphoneos;
				VALIDATE_PRODUCT = YES;
			};
			name = Release;
		};
		BD108317194FA876002026B5 /* Debug */ = {
			isa = XCBuildConfiguration;
			buildSettings = {
				ASSETCATALOG_COMPILER_APPICON_NAME = AppIcon;
				ASSETCATALOG_COMPILER_LAUNCHIMAGE_NAME = LaunchImage;
				GCC_PRECOMPILE_PREFIX_HEADER = YES;
				GCC_PREFIX_HEADER = "Card Puzzle/Card Puzzle-Prefix.pch";
				INFOPLIST_FILE = "Card Puzzle/Card Puzzle-Info.plist";
				PRODUCT_NAME = "$(TARGET_NAME)";
				WRAPPER_EXTENSION = app;
			};
			name = Debug;
		};
		BD108318194FA876002026B5 /* Release */ = {
			isa = XCBuildConfiguration;
			buildSettings = {
				ASSETCATALOG_COMPILER_APPICON_NAME = AppIcon;
				ASSETCATALOG_COMPILER_LAUNCHIMAGE_NAME = LaunchImage;
				GCC_PRECOMPILE_PREFIX_HEADER = YES;
				GCC_PREFIX_HEADER = "Card Puzzle/Card Puzzle-Prefix.pch";
				INFOPLIST_FILE = "Card Puzzle/Card Puzzle-Info.plist";
				PRODUCT_NAME = "$(TARGET_NAME)";
				WRAPPER_EXTENSION = app;
			};
			name = Release;
		};
		BD10831A194FA876002026B5 /* Debug */ = {
			isa = XCBuildConfiguration;
			buildSettings = {
				BUNDLE_LOADER = "$(BUILT_PRODUCTS_DIR)/Card Puzzle.app/Card Puzzle";
				FRAMEWORK_SEARCH_PATHS = (
					"$(SDKROOT)/Developer/Library/Frameworks",
					"$(inherited)",
					"$(DEVELOPER_FRAMEWORKS_DIR)",
				);
				GCC_PRECOMPILE_PREFIX_HEADER = YES;
				GCC_PREFIX_HEADER = "Card Puzzle/Card Puzzle-Prefix.pch";
				GCC_PREPROCESSOR_DEFINITIONS = (
					"DEBUG=1",
					"$(inherited)",
				);
				INFOPLIST_FILE = "Card PuzzleTests/Card PuzzleTests-Info.plist";
				PRODUCT_NAME = "$(TARGET_NAME)";
				TEST_HOST = "$(BUNDLE_LOADER)";
				WRAPPER_EXTENSION = xctest;
			};
			name = Debug;
		};
		BD10831B194FA876002026B5 /* Release */ = {
			isa = XCBuildConfiguration;
			buildSettings = {
				BUNDLE_LOADER = "$(BUILT_PRODUCTS_DIR)/Card Puzzle.app/Card Puzzle";
				FRAMEWORK_SEARCH_PATHS = (
					"$(SDKROOT)/Developer/Library/Frameworks",
					"$(inherited)",
					"$(DEVELOPER_FRAMEWORKS_DIR)",
				);
				GCC_PRECOMPILE_PREFIX_HEADER = YES;
				GCC_PREFIX_HEADER = "Card Puzzle/Card Puzzle-Prefix.pch";
				INFOPLIST_FILE = "Card PuzzleTests/Card PuzzleTests-Info.plist";
				PRODUCT_NAME = "$(TARGET_NAME)";
				TEST_HOST = "$(BUNDLE_LOADER)";
				WRAPPER_EXTENSION = xctest;
			};
			name = Release;
		};
/* End XCBuildConfiguration section */

/* Begin XCConfigurationList section */
		BD1082E5194FA876002026B5 /* Build configuration list for PBXProject "Card Puzzle" */ = {
			isa = XCConfigurationList;
			buildConfigurations = (
				BD108314194FA876002026B5 /* Debug */,
				BD108315194FA876002026B5 /* Release */,
			);
			defaultConfigurationIsVisible = 0;
			defaultConfigurationName = Release;
		};
		BD108316194FA876002026B5 /* Build configuration list for PBXNativeTarget "Card Puzzle" */ = {
			isa = XCConfigurationList;
			buildConfigurations = (
				BD108317194FA876002026B5 /* Debug */,
				BD108318194FA876002026B5 /* Release */,
			);
			defaultConfigurationIsVisible = 0;
			defaultConfigurationName = Release;
		};
		BD108319194FA876002026B5 /* Build configuration list for PBXNativeTarget "Card PuzzleTests" */ = {
			isa = XCConfigurationList;
			buildConfigurations = (
				BD10831A194FA876002026B5 /* Debug */,
				BD10831B194FA876002026B5 /* Release */,
			);
			defaultConfigurationIsVisible = 0;
			defaultConfigurationName = Release;
		};
/* End XCConfigurationList section */
	};
	rootObject = BD1082E2194FA876002026B5 /* Project object */;
}
